
Microsoft Visual Studio Solution File, Format Version 12.00
# Visual Studio 14
VisualStudioVersion = 14.0.25420.1
MinimumVisualStudioVersion = 10.0.40219.1
Project("{8BC9CEB8-8B4A-11D0-8D11-00A0C91BC942}") = "MSProgress", "MSProgress\MSProgress.vcxproj", "{EA51FB29-769B-47AA-93A5-885BC54B52BE}"
EndProject
Project("{8BC9CEB8-8B4A-11D0-8D11-00A0C91BC942}") = "Sample MoveConstract", "Sample MoveConstract\Sample MoveConstract.vcxproj", "{2B18FCCD-93D4-4436-B66F-AA2B5D8FDA38}"
EndProject
Project("{8BC9CEB8-8B4A-11D0-8D11-00A0C91BC942}") = "AIMapImporter", "AIMapImporter\AIMapImporter.vcxproj", "{B8CAD77A-4EDB-4629-AC2E-F96A55EB320A}"
EndProject
Project("{8BC9CEB8-8B4A-11D0-8D11-00A0C91BC942}") = "LibraryTestOnly", "LibraryTestOnly\LibraryTestOnly.vcxproj", "{793C5548-8AF6-4858-B639-0D28CE141DEC}"
	ProjectSection(ProjectDependencies) = postProject
		{EA51FB29-769B-47AA-93A5-885BC54B52BE} = {EA51FB29-769B-47AA-93A5-885BC54B52BE}
		{1359DA34-66CB-4FCF-BB0A-474970C93902} = {1359DA34-66CB-4FCF-BB0A-474970C93902}
		{B8CAD77A-4EDB-4629-AC2E-F96A55EB320A} = {B8CAD77A-4EDB-4629-AC2E-F96A55EB320A}
		{B17C2ABC-D79D-4CFE-82F7-83EB5479C177} = {B17C2ABC-D79D-4CFE-82F7-83EB5479C177}
		{3F7588CF-123E-41A5-9A45-1B920ABE9D40} = {3F7588CF-123E-41A5-9A45-1B920ABE9D40}
		{B2D197D8-6D60-41C9-9857-3ACE53111483} = {B2D197D8-6D60-41C9-9857-3ACE53111483}
		{BB010AF3-2902-4ABC-8B31-D9F5FE9F84F2} = {BB010AF3-2902-4ABC-8B31-D9F5FE9F84F2}
		{F80594F7-28FE-4D0B-968B-84B8C92F1303} = {F80594F7-28FE-4D0B-968B-84B8C92F1303}
	EndProjectSection
EndProject
Project("{8BC9CEB8-8B4A-11D0-8D11-00A0C91BC942}") = "SpawnMapImporter", "SpawnMapImporter\SpawnMapImporter.vcxproj", "{1359DA34-66CB-4FCF-BB0A-474970C93902}"
EndProject
Project("{8BC9CEB8-8B4A-11D0-8D11-00A0C91BC942}") = "CppBuiltInLua", "CppBuiltInLua\CppBuiltInLua.vcxproj", "{BB010AF3-2902-4ABC-8B31-D9F5FE9F84F2}"
EndProject
Project("{8BC9CEB8-8B4A-11D0-8D11-00A0C91BC942}") = "DXMath", "DXMath\DXMath.vcxproj", "{F80594F7-28FE-4D0B-968B-84B8C92F1303}"
EndProject
Project("{8BC9CEB8-8B4A-11D0-8D11-00A0C91BC942}") = "DX11FbxLoader", "DX11FbxLoader\DX11FbxLoader.vcxproj", "{B2D197D8-6D60-41C9-9857-3ACE53111483}"
	ProjectSection(ProjectDependencies) = postProject
		{B17C2ABC-D79D-4CFE-82F7-83EB5479C177} = {B17C2ABC-D79D-4CFE-82F7-83EB5479C177}
		{3F7588CF-123E-41A5-9A45-1B920ABE9D40} = {3F7588CF-123E-41A5-9A45-1B920ABE9D40}
		{F80594F7-28FE-4D0B-968B-84B8C92F1303} = {F80594F7-28FE-4D0B-968B-84B8C92F1303}
	EndProjectSection
EndProject
Project("{8BC9CEB8-8B4A-11D0-8D11-00A0C91BC942}") = "TGALoader", "TGALoader\TGALoader.vcxproj", "{B17C2ABC-D79D-4CFE-82F7-83EB5479C177}"
EndProject
Project("{8BC9CEB8-8B4A-11D0-8D11-00A0C91BC942}") = "DX11TextureManager", "DX11TextureManager\DX11TextureManager.vcxproj", "{3F7588CF-123E-41A5-9A45-1B920ABE9D40}"
	ProjectSection(ProjectDependencies) = postProject
		{B17C2ABC-D79D-4CFE-82F7-83EB5479C177} = {B17C2ABC-D79D-4CFE-82F7-83EB5479C177}
	EndProjectSection
EndProject
Project("{2150E333-8FDC-42A3-9474-1A3956D46DE8}") = "Sample", "Sample", "{F0D52ED2-4842-4A36-A1F0-16F5E6846C6E}"
EndProject
Project("{2150E333-8FDC-42A3-9474-1A3956D46DE8}") = "Models", "Models", "{57A03B55-CCF6-428D-9F8D-68DF7E1B7284}"
EndProject
Project("{2150E333-8FDC-42A3-9474-1A3956D46DE8}") = "Utility", "Utility", "{D80F898A-8F44-4E1C-8046-57F659076B71}"
EndProject
Project("{2150E333-8FDC-42A3-9474-1A3956D46DE8}") = "IO", "IO", "{09F988D9-ACE2-49D4-82EF-0D739D059957}"
EndProject
Project("{2150E333-8FDC-42A3-9474-1A3956D46DE8}") = "BuiltIn", "BuiltIn", "{E856CDE5-99CF-427C-9F9B-6932A8EFA14E}"
EndProject
Project("{8BC9CEB8-8B4A-11D0-8D11-00A0C91BC942}") = "TextRenderer", "TextRenderer\TextRenderer.vcxproj", "{633D3DD4-9167-4878-AB03-0113283AC07B}"
EndProject
Project("{2150E333-8FDC-42A3-9474-1A3956D46DE8}") = "Game", "Game", "{381890D3-8C0E-45C1-80B2-A2770D5F0BEE}"
EndProject
Project("{8BC9CEB8-8B4A-11D0-8D11-00A0C91BC942}") = "MainGameProject", "MainGameProject\MainGameProject.vcxproj", "{C433557F-113C-4D21-B652-F6AF721C2101}"
	ProjectSection(ProjectDependencies) = postProject
		{1359DA34-66CB-4FCF-BB0A-474970C93902} = {1359DA34-66CB-4FCF-BB0A-474970C93902}
		{78699C3E-2D4D-4AA8-AC13-231A0CD571DC} = {78699C3E-2D4D-4AA8-AC13-231A0CD571DC}
		{B8CAD77A-4EDB-4629-AC2E-F96A55EB320A} = {B8CAD77A-4EDB-4629-AC2E-F96A55EB320A}
		{C76173B5-6E33-44A9-A0E1-69D587B2A8C5} = {C76173B5-6E33-44A9-A0E1-69D587B2A8C5}
		{B17C2ABC-D79D-4CFE-82F7-83EB5479C177} = {B17C2ABC-D79D-4CFE-82F7-83EB5479C177}
		{3F7588CF-123E-41A5-9A45-1B920ABE9D40} = {3F7588CF-123E-41A5-9A45-1B920ABE9D40}
		{B2D197D8-6D60-41C9-9857-3ACE53111483} = {B2D197D8-6D60-41C9-9857-3ACE53111483}
		{BB010AF3-2902-4ABC-8B31-D9F5FE9F84F2} = {BB010AF3-2902-4ABC-8B31-D9F5FE9F84F2}
		{F80594F7-28FE-4D0B-968B-84B8C92F1303} = {F80594F7-28FE-4D0B-968B-84B8C92F1303}
	EndProjectSection
EndProject
Project("{8BC9CEB8-8B4A-11D0-8D11-00A0C91BC942}") = "DirectXAudioLibrary", "DirectXAudioLibrary\DirectXAudioLibrary.vcxproj", "{78699C3E-2D4D-4AA8-AC13-231A0CD571DC}"
EndProject
Project("{2150E333-8FDC-42A3-9474-1A3956D46DE8}") = "Document", "Document", "{130DA978-2389-48D9-8124-C31E6CE820E0}"
EndProject
Project("{E24C65DC-7377-472B-9ABA-BC803B73C61A}") = "Document", "Document\", "{53568B35-90CC-4327-BE29-516FBD0C3652}"
	ProjectSection(WebsiteProperties) = preProject
		TargetFrameworkMoniker = ".NETFramework,Version%3Dv4.5.2"
		Debug.AspNetCompiler.VirtualPath = "/localhost_64531"
		Debug.AspNetCompiler.PhysicalPath = "Document\"
		Debug.AspNetCompiler.TargetPath = "PrecompiledWeb\localhost_64531\"
		Debug.AspNetCompiler.Updateable = "true"
		Debug.AspNetCompiler.ForceOverwrite = "true"
		Debug.AspNetCompiler.FixedNames = "false"
		Debug.AspNetCompiler.Debug = "True"
		Release.AspNetCompiler.VirtualPath = "/localhost_64531"
		Release.AspNetCompiler.PhysicalPath = "Document\"
		Release.AspNetCompiler.TargetPath = "PrecompiledWeb\localhost_64531\"
		Release.AspNetCompiler.Updateable = "true"
		Release.AspNetCompiler.ForceOverwrite = "true"
		Release.AspNetCompiler.FixedNames = "false"
		Release.AspNetCompiler.Debug = "False"
		VWDPort = "64531"
		SlnRelativePath = "Document\"
		DefaultWebSiteLanguage = "Visual C#"
	EndProjectSection
EndProject
Project("{8BC9CEB8-8B4A-11D0-8D11-00A0C91BC942}") = "MSThreadLibrary", "MSThreadLibrary\MSThreadLibrary.vcxproj", "{C76173B5-6E33-44A9-A0E1-69D587B2A8C5}"
EndProject
Global
	GlobalSection(SolutionConfigurationPlatforms) = preSolution
		Debug(DLL)|Any CPU = Debug(DLL)|Any CPU
		Debug(DLL)|Win32 = Debug(DLL)|Win32
		Debug(DLL)|x64 = Debug(DLL)|x64
		Debug(LIB)|Any CPU = Debug(LIB)|Any CPU
		Debug(LIB)|Win32 = Debug(LIB)|Win32
		Debug(LIB)|x64 = Debug(LIB)|x64
		Debug|Any CPU = Debug|Any CPU
		Debug|Win32 = Debug|Win32
		Debug|x64 = Debug|x64
		Release(DLL)|Any CPU = Release(DLL)|Any CPU
		Release(DLL)|Win32 = Release(DLL)|Win32
		Release(DLL)|x64 = Release(DLL)|x64
		Release(LIB)|Any CPU = Release(LIB)|Any CPU
		Release(LIB)|Win32 = Release(LIB)|Win32
		Release(LIB)|x64 = Release(LIB)|x64
		Release|Any CPU = Release|Any CPU
		Release|Win32 = Release|Win32
		Release|x64 = Release|x64
	EndGlobalSection
	GlobalSection(ProjectConfigurationPlatforms) = postSolution
		{EA51FB29-769B-47AA-93A5-885BC54B52BE}.Debug(DLL)|Any CPU.ActiveCfg = Debug(DLL)|Win32
		{EA51FB29-769B-47AA-93A5-885BC54B52BE}.Debug(DLL)|Win32.ActiveCfg = Debug(DLL)|Win32
		{EA51FB29-769B-47AA-93A5-885BC54B52BE}.Debug(DLL)|Win32.Build.0 = Debug(DLL)|Win32
		{EA51FB29-769B-47AA-93A5-885BC54B52BE}.Debug(DLL)|x64.ActiveCfg = Debug(DLL)|x64
		{EA51FB29-769B-47AA-93A5-885BC54B52BE}.Debug(DLL)|x64.Build.0 = Debug(DLL)|x64
		{EA51FB29-769B-47AA-93A5-885BC54B52BE}.Debug(LIB)|Any CPU.ActiveCfg = Debug(LIB)|Win32
		{EA51FB29-769B-47AA-93A5-885BC54B52BE}.Debug(LIB)|Win32.ActiveCfg = Debug(LIB)|Win32
		{EA51FB29-769B-47AA-93A5-885BC54B52BE}.Debug(LIB)|Win32.Build.0 = Debug(LIB)|Win32
		{EA51FB29-769B-47AA-93A5-885BC54B52BE}.Debug(LIB)|x64.ActiveCfg = Debug(LIB)|x64
		{EA51FB29-769B-47AA-93A5-885BC54B52BE}.Debug(LIB)|x64.Build.0 = Debug(LIB)|x64
		{EA51FB29-769B-47AA-93A5-885BC54B52BE}.Debug|Any CPU.ActiveCfg = Debug|Win32
		{EA51FB29-769B-47AA-93A5-885BC54B52BE}.Debug|Win32.ActiveCfg = Debug|Win32
		{EA51FB29-769B-47AA-93A5-885BC54B52BE}.Debug|Win32.Build.0 = Debug|Win32
		{EA51FB29-769B-47AA-93A5-885BC54B52BE}.Debug|x64.ActiveCfg = Debug|x64
		{EA51FB29-769B-47AA-93A5-885BC54B52BE}.Debug|x64.Build.0 = Debug|x64
		{EA51FB29-769B-47AA-93A5-885BC54B52BE}.Release(DLL)|Any CPU.ActiveCfg = Release(DLL)|Win32
		{EA51FB29-769B-47AA-93A5-885BC54B52BE}.Release(DLL)|Win32.ActiveCfg = Release(DLL)|Win32
		{EA51FB29-769B-47AA-93A5-885BC54B52BE}.Release(DLL)|Win32.Build.0 = Release(DLL)|Win32
		{EA51FB29-769B-47AA-93A5-885BC54B52BE}.Release(DLL)|x64.ActiveCfg = Release(DLL)|x64
		{EA51FB29-769B-47AA-93A5-885BC54B52BE}.Release(DLL)|x64.Build.0 = Release(DLL)|x64
		{EA51FB29-769B-47AA-93A5-885BC54B52BE}.Release(LIB)|Any CPU.ActiveCfg = Release(LIB)|Win32
		{EA51FB29-769B-47AA-93A5-885BC54B52BE}.Release(LIB)|Win32.ActiveCfg = Release(LIB)|Win32
		{EA51FB29-769B-47AA-93A5-885BC54B52BE}.Release(LIB)|Win32.Build.0 = Release(LIB)|Win32
		{EA51FB29-769B-47AA-93A5-885BC54B52BE}.Release(LIB)|x64.ActiveCfg = Release(LIB)|x64
		{EA51FB29-769B-47AA-93A5-885BC54B52BE}.Release(LIB)|x64.Build.0 = Release(LIB)|x64
		{EA51FB29-769B-47AA-93A5-885BC54B52BE}.Release|Any CPU.ActiveCfg = Release|Win32
		{EA51FB29-769B-47AA-93A5-885BC54B52BE}.Release|Win32.ActiveCfg = Release|Win32
		{EA51FB29-769B-47AA-93A5-885BC54B52BE}.Release|Win32.Build.0 = Release|Win32
		{EA51FB29-769B-47AA-93A5-885BC54B52BE}.Release|x64.ActiveCfg = Release|x64
		{EA51FB29-769B-47AA-93A5-885BC54B52BE}.Release|x64.Build.0 = Release|x64
		{2B18FCCD-93D4-4436-B66F-AA2B5D8FDA38}.Debug(DLL)|Any CPU.ActiveCfg = Debug(DLL)|Win32
		{2B18FCCD-93D4-4436-B66F-AA2B5D8FDA38}.Debug(DLL)|Win32.ActiveCfg = Debug(DLL)|Win32
		{2B18FCCD-93D4-4436-B66F-AA2B5D8FDA38}.Debug(DLL)|Win32.Build.0 = Debug(DLL)|Win32
		{2B18FCCD-93D4-4436-B66F-AA2B5D8FDA38}.Debug(DLL)|x64.ActiveCfg = Debug(DLL)|x64
		{2B18FCCD-93D4-4436-B66F-AA2B5D8FDA38}.Debug(DLL)|x64.Build.0 = Debug(DLL)|x64
		{2B18FCCD-93D4-4436-B66F-AA2B5D8FDA38}.Debug(LIB)|Any CPU.ActiveCfg = Debug(LIB)|Win32
		{2B18FCCD-93D4-4436-B66F-AA2B5D8FDA38}.Debug(LIB)|Win32.ActiveCfg = Debug(LIB)|Win32
		{2B18FCCD-93D4-4436-B66F-AA2B5D8FDA38}.Debug(LIB)|Win32.Build.0 = Debug(LIB)|Win32
		{2B18FCCD-93D4-4436-B66F-AA2B5D8FDA38}.Debug(LIB)|x64.ActiveCfg = Debug(LIB)|x64
		{2B18FCCD-93D4-4436-B66F-AA2B5D8FDA38}.Debug(LIB)|x64.Build.0 = Debug(LIB)|x64
		{2B18FCCD-93D4-4436-B66F-AA2B5D8FDA38}.Debug|Any CPU.ActiveCfg = Debug|Win32
		{2B18FCCD-93D4-4436-B66F-AA2B5D8FDA38}.Debug|Win32.ActiveCfg = Debug|Win32
		{2B18FCCD-93D4-4436-B66F-AA2B5D8FDA38}.Debug|Win32.Build.0 = Debug|Win32
		{2B18FCCD-93D4-4436-B66F-AA2B5D8FDA38}.Debug|x64.ActiveCfg = Debug|x64
		{2B18FCCD-93D4-4436-B66F-AA2B5D8FDA38}.Debug|x64.Build.0 = Debug|x64
		{2B18FCCD-93D4-4436-B66F-AA2B5D8FDA38}.Release(DLL)|Any CPU.ActiveCfg = Release(DLL)|Win32
		{2B18FCCD-93D4-4436-B66F-AA2B5D8FDA38}.Release(DLL)|Win32.ActiveCfg = Release(DLL)|Win32
		{2B18FCCD-93D4-4436-B66F-AA2B5D8FDA38}.Release(DLL)|Win32.Build.0 = Release(DLL)|Win32
		{2B18FCCD-93D4-4436-B66F-AA2B5D8FDA38}.Release(DLL)|x64.ActiveCfg = Release(DLL)|x64
		{2B18FCCD-93D4-4436-B66F-AA2B5D8FDA38}.Release(DLL)|x64.Build.0 = Release(DLL)|x64
		{2B18FCCD-93D4-4436-B66F-AA2B5D8FDA38}.Release(LIB)|Any CPU.ActiveCfg = Release(LIB)|Win32
		{2B18FCCD-93D4-4436-B66F-AA2B5D8FDA38}.Release(LIB)|Win32.ActiveCfg = Release(LIB)|Win32
		{2B18FCCD-93D4-4436-B66F-AA2B5D8FDA38}.Release(LIB)|Win32.Build.0 = Release(LIB)|Win32
		{2B18FCCD-93D4-4436-B66F-AA2B5D8FDA38}.Release(LIB)|x64.ActiveCfg = Release(LIB)|x64
		{2B18FCCD-93D4-4436-B66F-AA2B5D8FDA38}.Release(LIB)|x64.Build.0 = Release(LIB)|x64
		{2B18FCCD-93D4-4436-B66F-AA2B5D8FDA38}.Release|Any CPU.ActiveCfg = Release|Win32
		{2B18FCCD-93D4-4436-B66F-AA2B5D8FDA38}.Release|Win32.ActiveCfg = Release|Win32
		{2B18FCCD-93D4-4436-B66F-AA2B5D8FDA38}.Release|Win32.Build.0 = Release|Win32
		{2B18FCCD-93D4-4436-B66F-AA2B5D8FDA38}.Release|x64.ActiveCfg = Release|x64
		{2B18FCCD-93D4-4436-B66F-AA2B5D8FDA38}.Release|x64.Build.0 = Release|x64
		{B8CAD77A-4EDB-4629-AC2E-F96A55EB320A}.Debug(DLL)|Any CPU.ActiveCfg = Debug(DLL)|Win32
		{B8CAD77A-4EDB-4629-AC2E-F96A55EB320A}.Debug(DLL)|Win32.ActiveCfg = Debug(DLL)|Win32
		{B8CAD77A-4EDB-4629-AC2E-F96A55EB320A}.Debug(DLL)|Win32.Build.0 = Debug(DLL)|Win32
		{B8CAD77A-4EDB-4629-AC2E-F96A55EB320A}.Debug(DLL)|x64.ActiveCfg = Debug(DLL)|x64
		{B8CAD77A-4EDB-4629-AC2E-F96A55EB320A}.Debug(DLL)|x64.Build.0 = Debug(DLL)|x64
		{B8CAD77A-4EDB-4629-AC2E-F96A55EB320A}.Debug(LIB)|Any CPU.ActiveCfg = Debug(LIB)|Win32
		{B8CAD77A-4EDB-4629-AC2E-F96A55EB320A}.Debug(LIB)|Win32.ActiveCfg = Debug(LIB)|Win32
		{B8CAD77A-4EDB-4629-AC2E-F96A55EB320A}.Debug(LIB)|Win32.Build.0 = Debug(LIB)|Win32
		{B8CAD77A-4EDB-4629-AC2E-F96A55EB320A}.Debug(LIB)|x64.ActiveCfg = Debug(LIB)|x64
		{B8CAD77A-4EDB-4629-AC2E-F96A55EB320A}.Debug(LIB)|x64.Build.0 = Debug(LIB)|x64
		{B8CAD77A-4EDB-4629-AC2E-F96A55EB320A}.Debug|Any CPU.ActiveCfg = Debug|Win32
		{B8CAD77A-4EDB-4629-AC2E-F96A55EB320A}.Debug|Win32.ActiveCfg = Debug|Win32
		{B8CAD77A-4EDB-4629-AC2E-F96A55EB320A}.Debug|Win32.Build.0 = Debug|Win32
		{B8CAD77A-4EDB-4629-AC2E-F96A55EB320A}.Debug|x64.ActiveCfg = Debug|x64
		{B8CAD77A-4EDB-4629-AC2E-F96A55EB320A}.Debug|x64.Build.0 = Debug|x64
		{B8CAD77A-4EDB-4629-AC2E-F96A55EB320A}.Release(DLL)|Any CPU.ActiveCfg = Release(DLL)|Win32
		{B8CAD77A-4EDB-4629-AC2E-F96A55EB320A}.Release(DLL)|Win32.ActiveCfg = Release(DLL)|Win32
		{B8CAD77A-4EDB-4629-AC2E-F96A55EB320A}.Release(DLL)|Win32.Build.0 = Release(DLL)|Win32
		{B8CAD77A-4EDB-4629-AC2E-F96A55EB320A}.Release(DLL)|x64.ActiveCfg = Release(DLL)|x64
		{B8CAD77A-4EDB-4629-AC2E-F96A55EB320A}.Release(DLL)|x64.Build.0 = Release(DLL)|x64
		{B8CAD77A-4EDB-4629-AC2E-F96A55EB320A}.Release(LIB)|Any CPU.ActiveCfg = Release(LIB)|Win32
		{B8CAD77A-4EDB-4629-AC2E-F96A55EB320A}.Release(LIB)|Win32.ActiveCfg = Release(LIB)|Win32
		{B8CAD77A-4EDB-4629-AC2E-F96A55EB320A}.Release(LIB)|Win32.Build.0 = Release(LIB)|Win32
		{B8CAD77A-4EDB-4629-AC2E-F96A55EB320A}.Release(LIB)|x64.ActiveCfg = Release(LIB)|x64
		{B8CAD77A-4EDB-4629-AC2E-F96A55EB320A}.Release(LIB)|x64.Build.0 = Release(LIB)|x64
		{B8CAD77A-4EDB-4629-AC2E-F96A55EB320A}.Release|Any CPU.ActiveCfg = Release|Win32
		{B8CAD77A-4EDB-4629-AC2E-F96A55EB320A}.Release|Win32.ActiveCfg = Release|Win32
		{B8CAD77A-4EDB-4629-AC2E-F96A55EB320A}.Release|Win32.Build.0 = Release|Win32
		{B8CAD77A-4EDB-4629-AC2E-F96A55EB320A}.Release|x64.ActiveCfg = Release|x64
		{B8CAD77A-4EDB-4629-AC2E-F96A55EB320A}.Release|x64.Build.0 = Release|x64
		{793C5548-8AF6-4858-B639-0D28CE141DEC}.Debug(DLL)|Any CPU.ActiveCfg = Debug(DLL)|Win32
		{793C5548-8AF6-4858-B639-0D28CE141DEC}.Debug(DLL)|Win32.ActiveCfg = Debug(DLL)|Win32
		{793C5548-8AF6-4858-B639-0D28CE141DEC}.Debug(DLL)|Win32.Build.0 = Debug(DLL)|Win32
		{793C5548-8AF6-4858-B639-0D28CE141DEC}.Debug(DLL)|x64.ActiveCfg = Debug(DLL)|x64
		{793C5548-8AF6-4858-B639-0D28CE141DEC}.Debug(DLL)|x64.Build.0 = Debug(DLL)|x64
		{793C5548-8AF6-4858-B639-0D28CE141DEC}.Debug(LIB)|Any CPU.ActiveCfg = Debug(LIB)|Win32
		{793C5548-8AF6-4858-B639-0D28CE141DEC}.Debug(LIB)|Win32.ActiveCfg = Debug(LIB)|Win32
		{793C5548-8AF6-4858-B639-0D28CE141DEC}.Debug(LIB)|Win32.Build.0 = Debug(LIB)|Win32
		{793C5548-8AF6-4858-B639-0D28CE141DEC}.Debug(LIB)|x64.ActiveCfg = Debug(LIB)|x64
		{793C5548-8AF6-4858-B639-0D28CE141DEC}.Debug(LIB)|x64.Build.0 = Debug(LIB)|x64
		{793C5548-8AF6-4858-B639-0D28CE141DEC}.Debug|Any CPU.ActiveCfg = Debug|Win32
		{793C5548-8AF6-4858-B639-0D28CE141DEC}.Debug|Win32.ActiveCfg = Debug|Win32
		{793C5548-8AF6-4858-B639-0D28CE141DEC}.Debug|Win32.Build.0 = Debug|Win32
		{793C5548-8AF6-4858-B639-0D28CE141DEC}.Debug|x64.ActiveCfg = Debug|x64
		{793C5548-8AF6-4858-B639-0D28CE141DEC}.Debug|x64.Build.0 = Debug|x64
		{793C5548-8AF6-4858-B639-0D28CE141DEC}.Release(DLL)|Any CPU.ActiveCfg = Release(DLL)|Win32
		{793C5548-8AF6-4858-B639-0D28CE141DEC}.Release(DLL)|Win32.ActiveCfg = Release(DLL)|Win32
		{793C5548-8AF6-4858-B639-0D28CE141DEC}.Release(DLL)|Win32.Build.0 = Release(DLL)|Win32
		{793C5548-8AF6-4858-B639-0D28CE141DEC}.Release(DLL)|x64.ActiveCfg = Release(DLL)|x64
		{793C5548-8AF6-4858-B639-0D28CE141DEC}.Release(DLL)|x64.Build.0 = Release(DLL)|x64
		{793C5548-8AF6-4858-B639-0D28CE141DEC}.Release(LIB)|Any CPU.ActiveCfg = Release(LIB)|Win32
		{793C5548-8AF6-4858-B639-0D28CE141DEC}.Release(LIB)|Win32.ActiveCfg = Release(LIB)|Win32
		{793C5548-8AF6-4858-B639-0D28CE141DEC}.Release(LIB)|Win32.Build.0 = Release(LIB)|Win32
		{793C5548-8AF6-4858-B639-0D28CE141DEC}.Release(LIB)|x64.ActiveCfg = Release(LIB)|x64
		{793C5548-8AF6-4858-B639-0D28CE141DEC}.Release(LIB)|x64.Build.0 = Release(LIB)|x64
		{793C5548-8AF6-4858-B639-0D28CE141DEC}.Release|Any CPU.ActiveCfg = Release|Win32
		{793C5548-8AF6-4858-B639-0D28CE141DEC}.Release|Win32.ActiveCfg = Release|Win32
		{793C5548-8AF6-4858-B639-0D28CE141DEC}.Release|Win32.Build.0 = Release|Win32
		{793C5548-8AF6-4858-B639-0D28CE141DEC}.Release|x64.ActiveCfg = Release|x64
		{793C5548-8AF6-4858-B639-0D28CE141DEC}.Release|x64.Build.0 = Release|x64
		{1359DA34-66CB-4FCF-BB0A-474970C93902}.Debug(DLL)|Any CPU.ActiveCfg = Debug(DLL)|Win32
		{1359DA34-66CB-4FCF-BB0A-474970C93902}.Debug(DLL)|Win32.ActiveCfg = Debug(DLL)|Win32
		{1359DA34-66CB-4FCF-BB0A-474970C93902}.Debug(DLL)|Win32.Build.0 = Debug(DLL)|Win32
		{1359DA34-66CB-4FCF-BB0A-474970C93902}.Debug(DLL)|x64.ActiveCfg = Debug(DLL)|x64
		{1359DA34-66CB-4FCF-BB0A-474970C93902}.Debug(DLL)|x64.Build.0 = Debug(DLL)|x64
		{1359DA34-66CB-4FCF-BB0A-474970C93902}.Debug(LIB)|Any CPU.ActiveCfg = Debug(LIB)|Win32
		{1359DA34-66CB-4FCF-BB0A-474970C93902}.Debug(LIB)|Win32.ActiveCfg = Debug(LIB)|Win32
		{1359DA34-66CB-4FCF-BB0A-474970C93902}.Debug(LIB)|Win32.Build.0 = Debug(LIB)|Win32
		{1359DA34-66CB-4FCF-BB0A-474970C93902}.Debug(LIB)|x64.ActiveCfg = Debug(LIB)|x64
		{1359DA34-66CB-4FCF-BB0A-474970C93902}.Debug(LIB)|x64.Build.0 = Debug(LIB)|x64
		{1359DA34-66CB-4FCF-BB0A-474970C93902}.Debug|Any CPU.ActiveCfg = Debug|Win32
		{1359DA34-66CB-4FCF-BB0A-474970C93902}.Debug|Win32.ActiveCfg = Debug|Win32
		{1359DA34-66CB-4FCF-BB0A-474970C93902}.Debug|Win32.Build.0 = Debug|Win32
		{1359DA34-66CB-4FCF-BB0A-474970C93902}.Debug|x64.ActiveCfg = Debug|x64
		{1359DA34-66CB-4FCF-BB0A-474970C93902}.Debug|x64.Build.0 = Debug|x64
		{1359DA34-66CB-4FCF-BB0A-474970C93902}.Release(DLL)|Any CPU.ActiveCfg = Release(DLL)|Win32
		{1359DA34-66CB-4FCF-BB0A-474970C93902}.Release(DLL)|Win32.ActiveCfg = Release(DLL)|Win32
		{1359DA34-66CB-4FCF-BB0A-474970C93902}.Release(DLL)|Win32.Build.0 = Release(DLL)|Win32
		{1359DA34-66CB-4FCF-BB0A-474970C93902}.Release(DLL)|x64.ActiveCfg = Release(DLL)|x64
		{1359DA34-66CB-4FCF-BB0A-474970C93902}.Release(DLL)|x64.Build.0 = Release(DLL)|x64
		{1359DA34-66CB-4FCF-BB0A-474970C93902}.Release(LIB)|Any CPU.ActiveCfg = Release(LIB)|Win32
		{1359DA34-66CB-4FCF-BB0A-474970C93902}.Release(LIB)|Win32.ActiveCfg = Release(LIB)|Win32
		{1359DA34-66CB-4FCF-BB0A-474970C93902}.Release(LIB)|Win32.Build.0 = Release(LIB)|Win32
		{1359DA34-66CB-4FCF-BB0A-474970C93902}.Release(LIB)|x64.ActiveCfg = Release(LIB)|x64
		{1359DA34-66CB-4FCF-BB0A-474970C93902}.Release(LIB)|x64.Build.0 = Release(LIB)|x64
		{1359DA34-66CB-4FCF-BB0A-474970C93902}.Release|Any CPU.ActiveCfg = Release|Win32
		{1359DA34-66CB-4FCF-BB0A-474970C93902}.Release|Win32.ActiveCfg = Release|Win32
		{1359DA34-66CB-4FCF-BB0A-474970C93902}.Release|Win32.Build.0 = Release|Win32
		{1359DA34-66CB-4FCF-BB0A-474970C93902}.Release|x64.ActiveCfg = Release|x64
		{1359DA34-66CB-4FCF-BB0A-474970C93902}.Release|x64.Build.0 = Release|x64
		{BB010AF3-2902-4ABC-8B31-D9F5FE9F84F2}.Debug(DLL)|Any CPU.ActiveCfg = Debug(DLL)|Win32
		{BB010AF3-2902-4ABC-8B31-D9F5FE9F84F2}.Debug(DLL)|Win32.ActiveCfg = Debug(DLL)|Win32
		{BB010AF3-2902-4ABC-8B31-D9F5FE9F84F2}.Debug(DLL)|Win32.Build.0 = Debug(DLL)|Win32
		{BB010AF3-2902-4ABC-8B31-D9F5FE9F84F2}.Debug(DLL)|x64.ActiveCfg = Debug(DLL)|x64
		{BB010AF3-2902-4ABC-8B31-D9F5FE9F84F2}.Debug(DLL)|x64.Build.0 = Debug(DLL)|x64
		{BB010AF3-2902-4ABC-8B31-D9F5FE9F84F2}.Debug(LIB)|Any CPU.ActiveCfg = Debug(LIB)|Win32
		{BB010AF3-2902-4ABC-8B31-D9F5FE9F84F2}.Debug(LIB)|Win32.ActiveCfg = Debug(LIB)|Win32
		{BB010AF3-2902-4ABC-8B31-D9F5FE9F84F2}.Debug(LIB)|Win32.Build.0 = Debug(LIB)|Win32
		{BB010AF3-2902-4ABC-8B31-D9F5FE9F84F2}.Debug(LIB)|x64.ActiveCfg = Debug(LIB)|x64
		{BB010AF3-2902-4ABC-8B31-D9F5FE9F84F2}.Debug(LIB)|x64.Build.0 = Debug(LIB)|x64
		{BB010AF3-2902-4ABC-8B31-D9F5FE9F84F2}.Debug|Any CPU.ActiveCfg = Debug|Win32
		{BB010AF3-2902-4ABC-8B31-D9F5FE9F84F2}.Debug|Win32.ActiveCfg = Debug|Win32
		{BB010AF3-2902-4ABC-8B31-D9F5FE9F84F2}.Debug|Win32.Build.0 = Debug|Win32
		{BB010AF3-2902-4ABC-8B31-D9F5FE9F84F2}.Debug|x64.ActiveCfg = Debug|x64
		{BB010AF3-2902-4ABC-8B31-D9F5FE9F84F2}.Debug|x64.Build.0 = Debug|x64
		{BB010AF3-2902-4ABC-8B31-D9F5FE9F84F2}.Release(DLL)|Any CPU.ActiveCfg = Release(DLL)|Win32
		{BB010AF3-2902-4ABC-8B31-D9F5FE9F84F2}.Release(DLL)|Win32.ActiveCfg = Release(DLL)|Win32
		{BB010AF3-2902-4ABC-8B31-D9F5FE9F84F2}.Release(DLL)|Win32.Build.0 = Release(DLL)|Win32
		{BB010AF3-2902-4ABC-8B31-D9F5FE9F84F2}.Release(DLL)|x64.ActiveCfg = Release(DLL)|x64
		{BB010AF3-2902-4ABC-8B31-D9F5FE9F84F2}.Release(DLL)|x64.Build.0 = Release(DLL)|x64
		{BB010AF3-2902-4ABC-8B31-D9F5FE9F84F2}.Release(LIB)|Any CPU.ActiveCfg = Release(LIB)|Win32
		{BB010AF3-2902-4ABC-8B31-D9F5FE9F84F2}.Release(LIB)|Win32.ActiveCfg = Release(LIB)|Win32
		{BB010AF3-2902-4ABC-8B31-D9F5FE9F84F2}.Release(LIB)|Win32.Build.0 = Release(LIB)|Win32
		{BB010AF3-2902-4ABC-8B31-D9F5FE9F84F2}.Release(LIB)|x64.ActiveCfg = Release(LIB)|x64
		{BB010AF3-2902-4ABC-8B31-D9F5FE9F84F2}.Release(LIB)|x64.Build.0 = Release(LIB)|x64
		{BB010AF3-2902-4ABC-8B31-D9F5FE9F84F2}.Release|Any CPU.ActiveCfg = Release|Win32
		{BB010AF3-2902-4ABC-8B31-D9F5FE9F84F2}.Release|Win32.ActiveCfg = Release|Win32
		{BB010AF3-2902-4ABC-8B31-D9F5FE9F84F2}.Release|Win32.Build.0 = Release|Win32
		{BB010AF3-2902-4ABC-8B31-D9F5FE9F84F2}.Release|x64.ActiveCfg = Release|x64
		{BB010AF3-2902-4ABC-8B31-D9F5FE9F84F2}.Release|x64.Build.0 = Release|x64
		{F80594F7-28FE-4D0B-968B-84B8C92F1303}.Debug(DLL)|Any CPU.ActiveCfg = Debug(DLL)|Win32
		{F80594F7-28FE-4D0B-968B-84B8C92F1303}.Debug(DLL)|Win32.ActiveCfg = Debug(DLL)|Win32
		{F80594F7-28FE-4D0B-968B-84B8C92F1303}.Debug(DLL)|Win32.Build.0 = Debug(DLL)|Win32
		{F80594F7-28FE-4D0B-968B-84B8C92F1303}.Debug(DLL)|x64.ActiveCfg = Debug(DLL)|x64
		{F80594F7-28FE-4D0B-968B-84B8C92F1303}.Debug(DLL)|x64.Build.0 = Debug(DLL)|x64
		{F80594F7-28FE-4D0B-968B-84B8C92F1303}.Debug(LIB)|Any CPU.ActiveCfg = Debug(LIB)|Win32
		{F80594F7-28FE-4D0B-968B-84B8C92F1303}.Debug(LIB)|Win32.ActiveCfg = Debug(LIB)|Win32
		{F80594F7-28FE-4D0B-968B-84B8C92F1303}.Debug(LIB)|Win32.Build.0 = Debug(LIB)|Win32
		{F80594F7-28FE-4D0B-968B-84B8C92F1303}.Debug(LIB)|x64.ActiveCfg = Debug(LIB)|x64
		{F80594F7-28FE-4D0B-968B-84B8C92F1303}.Debug(LIB)|x64.Build.0 = Debug(LIB)|x64
		{F80594F7-28FE-4D0B-968B-84B8C92F1303}.Debug|Any CPU.ActiveCfg = Debug|Win32
		{F80594F7-28FE-4D0B-968B-84B8C92F1303}.Debug|Win32.ActiveCfg = Debug|Win32
		{F80594F7-28FE-4D0B-968B-84B8C92F1303}.Debug|Win32.Build.0 = Debug|Win32
		{F80594F7-28FE-4D0B-968B-84B8C92F1303}.Debug|x64.ActiveCfg = Debug|x64
		{F80594F7-28FE-4D0B-968B-84B8C92F1303}.Debug|x64.Build.0 = Debug|x64
		{F80594F7-28FE-4D0B-968B-84B8C92F1303}.Release(DLL)|Any CPU.ActiveCfg = Release(DLL)|Win32
		{F80594F7-28FE-4D0B-968B-84B8C92F1303}.Release(DLL)|Win32.ActiveCfg = Release(DLL)|Win32
		{F80594F7-28FE-4D0B-968B-84B8C92F1303}.Release(DLL)|Win32.Build.0 = Release(DLL)|Win32
		{F80594F7-28FE-4D0B-968B-84B8C92F1303}.Release(DLL)|x64.ActiveCfg = Release(DLL)|x64
		{F80594F7-28FE-4D0B-968B-84B8C92F1303}.Release(DLL)|x64.Build.0 = Release(DLL)|x64
		{F80594F7-28FE-4D0B-968B-84B8C92F1303}.Release(LIB)|Any CPU.ActiveCfg = Release(LIB)|Win32
		{F80594F7-28FE-4D0B-968B-84B8C92F1303}.Release(LIB)|Win32.ActiveCfg = Release(LIB)|Win32
		{F80594F7-28FE-4D0B-968B-84B8C92F1303}.Release(LIB)|Win32.Build.0 = Release(LIB)|Win32
		{F80594F7-28FE-4D0B-968B-84B8C92F1303}.Release(LIB)|x64.ActiveCfg = Release(LIB)|x64
		{F80594F7-28FE-4D0B-968B-84B8C92F1303}.Release(LIB)|x64.Build.0 = Release(LIB)|x64
		{F80594F7-28FE-4D0B-968B-84B8C92F1303}.Release|Any CPU.ActiveCfg = Release|Win32
		{F80594F7-28FE-4D0B-968B-84B8C92F1303}.Release|Win32.ActiveCfg = Release|Win32
		{F80594F7-28FE-4D0B-968B-84B8C92F1303}.Release|Win32.Build.0 = Release|Win32
		{F80594F7-28FE-4D0B-968B-84B8C92F1303}.Release|x64.ActiveCfg = Release|x64
		{F80594F7-28FE-4D0B-968B-84B8C92F1303}.Release|x64.Build.0 = Release|x64
		{B2D197D8-6D60-41C9-9857-3ACE53111483}.Debug(DLL)|Any CPU.ActiveCfg = Debug(DLL)|Win32
		{B2D197D8-6D60-41C9-9857-3ACE53111483}.Debug(DLL)|Win32.ActiveCfg = Debug(DLL)|Win32
		{B2D197D8-6D60-41C9-9857-3ACE53111483}.Debug(DLL)|Win32.Build.0 = Debug(DLL)|Win32
		{B2D197D8-6D60-41C9-9857-3ACE53111483}.Debug(DLL)|x64.ActiveCfg = Debug(DLL)|x64
		{B2D197D8-6D60-41C9-9857-3ACE53111483}.Debug(DLL)|x64.Build.0 = Debug(DLL)|x64
		{B2D197D8-6D60-41C9-9857-3ACE53111483}.Debug(LIB)|Any CPU.ActiveCfg = Debug(LIB)|Win32
		{B2D197D8-6D60-41C9-9857-3ACE53111483}.Debug(LIB)|Win32.ActiveCfg = Debug(LIB)|Win32
		{B2D197D8-6D60-41C9-9857-3ACE53111483}.Debug(LIB)|Win32.Build.0 = Debug(LIB)|Win32
		{B2D197D8-6D60-41C9-9857-3ACE53111483}.Debug(LIB)|x64.ActiveCfg = Debug(LIB)|x64
		{B2D197D8-6D60-41C9-9857-3ACE53111483}.Debug(LIB)|x64.Build.0 = Debug(LIB)|x64
		{B2D197D8-6D60-41C9-9857-3ACE53111483}.Debug|Any CPU.ActiveCfg = Debug|Win32
		{B2D197D8-6D60-41C9-9857-3ACE53111483}.Debug|Win32.ActiveCfg = Debug|Win32
		{B2D197D8-6D60-41C9-9857-3ACE53111483}.Debug|Win32.Build.0 = Debug|Win32
		{B2D197D8-6D60-41C9-9857-3ACE53111483}.Debug|x64.ActiveCfg = Debug|x64
		{B2D197D8-6D60-41C9-9857-3ACE53111483}.Debug|x64.Build.0 = Debug|x64
		{B2D197D8-6D60-41C9-9857-3ACE53111483}.Release(DLL)|Any CPU.ActiveCfg = Release(DLL)|Win32
		{B2D197D8-6D60-41C9-9857-3ACE53111483}.Release(DLL)|Win32.ActiveCfg = Release(DLL)|Win32
		{B2D197D8-6D60-41C9-9857-3ACE53111483}.Release(DLL)|Win32.Build.0 = Release(DLL)|Win32
		{B2D197D8-6D60-41C9-9857-3ACE53111483}.Release(DLL)|x64.ActiveCfg = Release(DLL)|x64
		{B2D197D8-6D60-41C9-9857-3ACE53111483}.Release(DLL)|x64.Build.0 = Release(DLL)|x64
		{B2D197D8-6D60-41C9-9857-3ACE53111483}.Release(LIB)|Any CPU.ActiveCfg = Release(LIB)|Win32
		{B2D197D8-6D60-41C9-9857-3ACE53111483}.Release(LIB)|Win32.ActiveCfg = Release(LIB)|Win32
		{B2D197D8-6D60-41C9-9857-3ACE53111483}.Release(LIB)|Win32.Build.0 = Release(LIB)|Win32
		{B2D197D8-6D60-41C9-9857-3ACE53111483}.Release(LIB)|x64.ActiveCfg = Release(LIB)|x64
		{B2D197D8-6D60-41C9-9857-3ACE53111483}.Release(LIB)|x64.Build.0 = Release(LIB)|x64
		{B2D197D8-6D60-41C9-9857-3ACE53111483}.Release|Any CPU.ActiveCfg = Release|Win32
		{B2D197D8-6D60-41C9-9857-3ACE53111483}.Release|Win32.ActiveCfg = Release|Win32
		{B2D197D8-6D60-41C9-9857-3ACE53111483}.Release|Win32.Build.0 = Release|Win32
		{B2D197D8-6D60-41C9-9857-3ACE53111483}.Release|x64.ActiveCfg = Release|x64
		{B2D197D8-6D60-41C9-9857-3ACE53111483}.Release|x64.Build.0 = Release|x64
		{B17C2ABC-D79D-4CFE-82F7-83EB5479C177}.Debug(DLL)|Any CPU.ActiveCfg = Debug(DLL)|Win32
		{B17C2ABC-D79D-4CFE-82F7-83EB5479C177}.Debug(DLL)|Win32.ActiveCfg = Debug(DLL)|Win32
		{B17C2ABC-D79D-4CFE-82F7-83EB5479C177}.Debug(DLL)|Win32.Build.0 = Debug(DLL)|Win32
		{B17C2ABC-D79D-4CFE-82F7-83EB5479C177}.Debug(DLL)|x64.ActiveCfg = Debug(DLL)|x64
		{B17C2ABC-D79D-4CFE-82F7-83EB5479C177}.Debug(DLL)|x64.Build.0 = Debug(DLL)|x64
		{B17C2ABC-D79D-4CFE-82F7-83EB5479C177}.Debug(LIB)|Any CPU.ActiveCfg = Debug(LIB)|Win32
		{B17C2ABC-D79D-4CFE-82F7-83EB5479C177}.Debug(LIB)|Win32.ActiveCfg = Debug(LIB)|Win32
		{B17C2ABC-D79D-4CFE-82F7-83EB5479C177}.Debug(LIB)|Win32.Build.0 = Debug(LIB)|Win32
		{B17C2ABC-D79D-4CFE-82F7-83EB5479C177}.Debug(LIB)|x64.ActiveCfg = Debug(LIB)|x64
		{B17C2ABC-D79D-4CFE-82F7-83EB5479C177}.Debug(LIB)|x64.Build.0 = Debug(LIB)|x64
		{B17C2ABC-D79D-4CFE-82F7-83EB5479C177}.Debug|Any CPU.ActiveCfg = Debug|Win32
		{B17C2ABC-D79D-4CFE-82F7-83EB5479C177}.Debug|Win32.ActiveCfg = Debug|Win32
		{B17C2ABC-D79D-4CFE-82F7-83EB5479C177}.Debug|Win32.Build.0 = Debug|Win32
		{B17C2ABC-D79D-4CFE-82F7-83EB5479C177}.Debug|x64.ActiveCfg = Debug|x64
		{B17C2ABC-D79D-4CFE-82F7-83EB5479C177}.Debug|x64.Build.0 = Debug|x64
		{B17C2ABC-D79D-4CFE-82F7-83EB5479C177}.Release(DLL)|Any CPU.ActiveCfg = Release(DLL)|Win32
		{B17C2ABC-D79D-4CFE-82F7-83EB5479C177}.Release(DLL)|Win32.ActiveCfg = Release(DLL)|Win32
		{B17C2ABC-D79D-4CFE-82F7-83EB5479C177}.Release(DLL)|Win32.Build.0 = Release(DLL)|Win32
		{B17C2ABC-D79D-4CFE-82F7-83EB5479C177}.Release(DLL)|x64.ActiveCfg = Release(DLL)|x64
		{B17C2ABC-D79D-4CFE-82F7-83EB5479C177}.Release(DLL)|x64.Build.0 = Release(DLL)|x64
		{B17C2ABC-D79D-4CFE-82F7-83EB5479C177}.Release(LIB)|Any CPU.ActiveCfg = Release(LIB)|Win32
		{B17C2ABC-D79D-4CFE-82F7-83EB5479C177}.Release(LIB)|Win32.ActiveCfg = Release(LIB)|Win32
		{B17C2ABC-D79D-4CFE-82F7-83EB5479C177}.Release(LIB)|Win32.Build.0 = Release(LIB)|Win32
		{B17C2ABC-D79D-4CFE-82F7-83EB5479C177}.Release(LIB)|x64.ActiveCfg = Release(LIB)|x64
		{B17C2ABC-D79D-4CFE-82F7-83EB5479C177}.Release(LIB)|x64.Build.0 = Release(LIB)|x64
		{B17C2ABC-D79D-4CFE-82F7-83EB5479C177}.Release|Any CPU.ActiveCfg = Release|Win32
		{B17C2ABC-D79D-4CFE-82F7-83EB5479C177}.Release|Win32.ActiveCfg = Release|Win32
		{B17C2ABC-D79D-4CFE-82F7-83EB5479C177}.Release|Win32.Build.0 = Release|Win32
		{B17C2ABC-D79D-4CFE-82F7-83EB5479C177}.Release|x64.ActiveCfg = Release|x64
		{B17C2ABC-D79D-4CFE-82F7-83EB5479C177}.Release|x64.Build.0 = Release|x64
		{3F7588CF-123E-41A5-9A45-1B920ABE9D40}.Debug(DLL)|Any CPU.ActiveCfg = Debug(DLL)|Win32
		{3F7588CF-123E-41A5-9A45-1B920ABE9D40}.Debug(DLL)|Win32.ActiveCfg = Debug(DLL)|Win32
		{3F7588CF-123E-41A5-9A45-1B920ABE9D40}.Debug(DLL)|Win32.Build.0 = Debug(DLL)|Win32
		{3F7588CF-123E-41A5-9A45-1B920ABE9D40}.Debug(DLL)|x64.ActiveCfg = Debug(DLL)|x64
		{3F7588CF-123E-41A5-9A45-1B920ABE9D40}.Debug(DLL)|x64.Build.0 = Debug(DLL)|x64
		{3F7588CF-123E-41A5-9A45-1B920ABE9D40}.Debug(LIB)|Any CPU.ActiveCfg = Debug(LIB)|Win32
		{3F7588CF-123E-41A5-9A45-1B920ABE9D40}.Debug(LIB)|Win32.ActiveCfg = Debug(LIB)|Win32
		{3F7588CF-123E-41A5-9A45-1B920ABE9D40}.Debug(LIB)|Win32.Build.0 = Debug(LIB)|Win32
		{3F7588CF-123E-41A5-9A45-1B920ABE9D40}.Debug(LIB)|x64.ActiveCfg = Debug(LIB)|x64
		{3F7588CF-123E-41A5-9A45-1B920ABE9D40}.Debug(LIB)|x64.Build.0 = Debug(LIB)|x64
		{3F7588CF-123E-41A5-9A45-1B920ABE9D40}.Debug|Any CPU.ActiveCfg = Debug|Win32
		{3F7588CF-123E-41A5-9A45-1B920ABE9D40}.Debug|Win32.ActiveCfg = Debug|Win32
		{3F7588CF-123E-41A5-9A45-1B920ABE9D40}.Debug|Win32.Build.0 = Debug|Win32
		{3F7588CF-123E-41A5-9A45-1B920ABE9D40}.Debug|x64.ActiveCfg = Debug|x64
		{3F7588CF-123E-41A5-9A45-1B920ABE9D40}.Debug|x64.Build.0 = Debug|x64
		{3F7588CF-123E-41A5-9A45-1B920ABE9D40}.Release(DLL)|Any CPU.ActiveCfg = Release(DLL)|Win32
		{3F7588CF-123E-41A5-9A45-1B920ABE9D40}.Release(DLL)|Win32.ActiveCfg = Release(DLL)|Win32
		{3F7588CF-123E-41A5-9A45-1B920ABE9D40}.Release(DLL)|Win32.Build.0 = Release(DLL)|Win32
		{3F7588CF-123E-41A5-9A45-1B920ABE9D40}.Release(DLL)|x64.ActiveCfg = Release(DLL)|x64
		{3F7588CF-123E-41A5-9A45-1B920ABE9D40}.Release(DLL)|x64.Build.0 = Release(DLL)|x64
		{3F7588CF-123E-41A5-9A45-1B920ABE9D40}.Release(LIB)|Any CPU.ActiveCfg = Release(LIB)|Win32
		{3F7588CF-123E-41A5-9A45-1B920ABE9D40}.Release(LIB)|Win32.ActiveCfg = Release(LIB)|Win32
		{3F7588CF-123E-41A5-9A45-1B920ABE9D40}.Release(LIB)|Win32.Build.0 = Release(LIB)|Win32
		{3F7588CF-123E-41A5-9A45-1B920ABE9D40}.Release(LIB)|x64.ActiveCfg = Release(LIB)|x64
		{3F7588CF-123E-41A5-9A45-1B920ABE9D40}.Release(LIB)|x64.Build.0 = Release(LIB)|x64
		{3F7588CF-123E-41A5-9A45-1B920ABE9D40}.Release|Any CPU.ActiveCfg = Release|Win32
		{3F7588CF-123E-41A5-9A45-1B920ABE9D40}.Release|Win32.ActiveCfg = Release|Win32
		{3F7588CF-123E-41A5-9A45-1B920ABE9D40}.Release|Win32.Build.0 = Release|Win32
		{3F7588CF-123E-41A5-9A45-1B920ABE9D40}.Release|x64.ActiveCfg = Release|x64
		{3F7588CF-123E-41A5-9A45-1B920ABE9D40}.Release|x64.Build.0 = Release|x64
		{633D3DD4-9167-4878-AB03-0113283AC07B}.Debug(DLL)|Any CPU.ActiveCfg = Release(LIB)|x64
		{633D3DD4-9167-4878-AB03-0113283AC07B}.Debug(DLL)|Any CPU.Build.0 = Release(LIB)|x64
		{633D3DD4-9167-4878-AB03-0113283AC07B}.Debug(DLL)|Win32.ActiveCfg = Debug|Win32
		{633D3DD4-9167-4878-AB03-0113283AC07B}.Debug(DLL)|Win32.Build.0 = Debug|Win32
		{633D3DD4-9167-4878-AB03-0113283AC07B}.Debug(DLL)|x64.ActiveCfg = Debug|x64
		{633D3DD4-9167-4878-AB03-0113283AC07B}.Debug(DLL)|x64.Build.0 = Debug|x64
		{633D3DD4-9167-4878-AB03-0113283AC07B}.Debug(LIB)|Any CPU.ActiveCfg = Debug(LIB)|Win32
		{633D3DD4-9167-4878-AB03-0113283AC07B}.Debug(LIB)|Win32.ActiveCfg = Debug(LIB)|Win32
		{633D3DD4-9167-4878-AB03-0113283AC07B}.Debug(LIB)|Win32.Build.0 = Debug(LIB)|Win32
		{633D3DD4-9167-4878-AB03-0113283AC07B}.Debug(LIB)|x64.ActiveCfg = Debug(LIB)|x64
		{633D3DD4-9167-4878-AB03-0113283AC07B}.Debug(LIB)|x64.Build.0 = Debug(LIB)|x64
		{633D3DD4-9167-4878-AB03-0113283AC07B}.Debug|Any CPU.ActiveCfg = Debug|Win32
		{633D3DD4-9167-4878-AB03-0113283AC07B}.Debug|Win32.ActiveCfg = Debug|Win32
		{633D3DD4-9167-4878-AB03-0113283AC07B}.Debug|Win32.Build.0 = Debug|Win32
		{633D3DD4-9167-4878-AB03-0113283AC07B}.Debug|x64.ActiveCfg = Debug|x64
		{633D3DD4-9167-4878-AB03-0113283AC07B}.Debug|x64.Build.0 = Debug|x64
		{633D3DD4-9167-4878-AB03-0113283AC07B}.Release(DLL)|Any CPU.ActiveCfg = Release(LIB)|x64
		{633D3DD4-9167-4878-AB03-0113283AC07B}.Release(DLL)|Any CPU.Build.0 = Release(LIB)|x64
		{633D3DD4-9167-4878-AB03-0113283AC07B}.Release(DLL)|Win32.ActiveCfg = Release|Win32
		{633D3DD4-9167-4878-AB03-0113283AC07B}.Release(DLL)|Win32.Build.0 = Release|Win32
		{633D3DD4-9167-4878-AB03-0113283AC07B}.Release(DLL)|x64.ActiveCfg = Release|x64
		{633D3DD4-9167-4878-AB03-0113283AC07B}.Release(DLL)|x64.Build.0 = Release|x64
		{633D3DD4-9167-4878-AB03-0113283AC07B}.Release(LIB)|Any CPU.ActiveCfg = Release(LIB)|Win32
		{633D3DD4-9167-4878-AB03-0113283AC07B}.Release(LIB)|Win32.ActiveCfg = Release(LIB)|Win32
		{633D3DD4-9167-4878-AB03-0113283AC07B}.Release(LIB)|Win32.Build.0 = Release(LIB)|Win32
		{633D3DD4-9167-4878-AB03-0113283AC07B}.Release(LIB)|x64.ActiveCfg = Release(LIB)|x64
		{633D3DD4-9167-4878-AB03-0113283AC07B}.Release(LIB)|x64.Build.0 = Release(LIB)|x64
		{633D3DD4-9167-4878-AB03-0113283AC07B}.Release|Any CPU.ActiveCfg = Release|Win32
		{633D3DD4-9167-4878-AB03-0113283AC07B}.Release|Win32.ActiveCfg = Release|Win32
		{633D3DD4-9167-4878-AB03-0113283AC07B}.Release|Win32.Build.0 = Release|Win32
		{633D3DD4-9167-4878-AB03-0113283AC07B}.Release|x64.ActiveCfg = Release|x64
		{633D3DD4-9167-4878-AB03-0113283AC07B}.Release|x64.Build.0 = Release|x64
		{C433557F-113C-4D21-B652-F6AF721C2101}.Debug(DLL)|Any CPU.ActiveCfg = Release(LIB)|x64
		{C433557F-113C-4D21-B652-F6AF721C2101}.Debug(DLL)|Any CPU.Build.0 = Release(LIB)|x64
		{C433557F-113C-4D21-B652-F6AF721C2101}.Debug(DLL)|Win32.ActiveCfg = Debug|Win32
		{C433557F-113C-4D21-B652-F6AF721C2101}.Debug(DLL)|Win32.Build.0 = Debug|Win32
		{C433557F-113C-4D21-B652-F6AF721C2101}.Debug(DLL)|x64.ActiveCfg = Debug|x64
		{C433557F-113C-4D21-B652-F6AF721C2101}.Debug(DLL)|x64.Build.0 = Debug|x64
		{C433557F-113C-4D21-B652-F6AF721C2101}.Debug(LIB)|Any CPU.ActiveCfg = Debug(LIB)|Win32
		{C433557F-113C-4D21-B652-F6AF721C2101}.Debug(LIB)|Win32.ActiveCfg = Debug(LIB)|Win32
		{C433557F-113C-4D21-B652-F6AF721C2101}.Debug(LIB)|Win32.Build.0 = Debug(LIB)|Win32
		{C433557F-113C-4D21-B652-F6AF721C2101}.Debug(LIB)|x64.ActiveCfg = Debug(LIB)|x64
		{C433557F-113C-4D21-B652-F6AF721C2101}.Debug(LIB)|x64.Build.0 = Debug(LIB)|x64
		{C433557F-113C-4D21-B652-F6AF721C2101}.Debug|Any CPU.ActiveCfg = Debug|Win32
		{C433557F-113C-4D21-B652-F6AF721C2101}.Debug|Win32.ActiveCfg = Debug|Win32
		{C433557F-113C-4D21-B652-F6AF721C2101}.Debug|Win32.Build.0 = Debug|Win32
		{C433557F-113C-4D21-B652-F6AF721C2101}.Debug|x64.ActiveCfg = Debug|x64
		{C433557F-113C-4D21-B652-F6AF721C2101}.Debug|x64.Build.0 = Debug|x64
		{C433557F-113C-4D21-B652-F6AF721C2101}.Release(DLL)|Any CPU.ActiveCfg = Release(LIB)|x64
		{C433557F-113C-4D21-B652-F6AF721C2101}.Release(DLL)|Any CPU.Build.0 = Release(LIB)|x64
		{C433557F-113C-4D21-B652-F6AF721C2101}.Release(DLL)|Win32.ActiveCfg = Release|Win32
		{C433557F-113C-4D21-B652-F6AF721C2101}.Release(DLL)|Win32.Build.0 = Release|Win32
		{C433557F-113C-4D21-B652-F6AF721C2101}.Release(DLL)|x64.ActiveCfg = Release|x64
		{C433557F-113C-4D21-B652-F6AF721C2101}.Release(DLL)|x64.Build.0 = Release|x64
		{C433557F-113C-4D21-B652-F6AF721C2101}.Release(LIB)|Any CPU.ActiveCfg = Release(LIB)|Win32
		{C433557F-113C-4D21-B652-F6AF721C2101}.Release(LIB)|Win32.ActiveCfg = Release(LIB)|Win32
		{C433557F-113C-4D21-B652-F6AF721C2101}.Release(LIB)|Win32.Build.0 = Release(LIB)|Win32
		{C433557F-113C-4D21-B652-F6AF721C2101}.Release(LIB)|x64.ActiveCfg = Release(LIB)|x64
		{C433557F-113C-4D21-B652-F6AF721C2101}.Release(LIB)|x64.Build.0 = Release(LIB)|x64
		{C433557F-113C-4D21-B652-F6AF721C2101}.Release|Any CPU.ActiveCfg = Release|Win32
		{C433557F-113C-4D21-B652-F6AF721C2101}.Release|Win32.ActiveCfg = Release|Win32
		{C433557F-113C-4D21-B652-F6AF721C2101}.Release|Win32.Build.0 = Release|Win32
		{C433557F-113C-4D21-B652-F6AF721C2101}.Release|x64.ActiveCfg = Release|x64
		{C433557F-113C-4D21-B652-F6AF721C2101}.Release|x64.Build.0 = Release|x64
		{78699C3E-2D4D-4AA8-AC13-231A0CD571DC}.Debug(DLL)|Any CPU.ActiveCfg = Release(LIB)|x64
		{78699C3E-2D4D-4AA8-AC13-231A0CD571DC}.Debug(DLL)|Any CPU.Build.0 = Release(LIB)|x64
		{78699C3E-2D4D-4AA8-AC13-231A0CD571DC}.Debug(DLL)|Win32.ActiveCfg = Debug|Win32
		{78699C3E-2D4D-4AA8-AC13-231A0CD571DC}.Debug(DLL)|Win32.Build.0 = Debug|Win32
		{78699C3E-2D4D-4AA8-AC13-231A0CD571DC}.Debug(DLL)|x64.ActiveCfg = Debug|x64
		{78699C3E-2D4D-4AA8-AC13-231A0CD571DC}.Debug(DLL)|x64.Build.0 = Debug|x64
		{78699C3E-2D4D-4AA8-AC13-231A0CD571DC}.Debug(LIB)|Any CPU.ActiveCfg = Debug(LIB)|Win32
		{78699C3E-2D4D-4AA8-AC13-231A0CD571DC}.Debug(LIB)|Win32.ActiveCfg = Debug(LIB)|Win32
		{78699C3E-2D4D-4AA8-AC13-231A0CD571DC}.Debug(LIB)|Win32.Build.0 = Debug(LIB)|Win32
		{78699C3E-2D4D-4AA8-AC13-231A0CD571DC}.Debug(LIB)|x64.ActiveCfg = Debug(LIB)|x64
		{78699C3E-2D4D-4AA8-AC13-231A0CD571DC}.Debug(LIB)|x64.Build.0 = Debug(LIB)|x64
		{78699C3E-2D4D-4AA8-AC13-231A0CD571DC}.Debug|Any CPU.ActiveCfg = Debug|Win32
		{78699C3E-2D4D-4AA8-AC13-231A0CD571DC}.Debug|Win32.ActiveCfg = Debug(LIB)|Win32
		{78699C3E-2D4D-4AA8-AC13-231A0CD571DC}.Debug|Win32.Build.0 = Debug(LIB)|Win32
		{78699C3E-2D4D-4AA8-AC13-231A0CD571DC}.Debug|x64.ActiveCfg = Debug|x64
		{78699C3E-2D4D-4AA8-AC13-231A0CD571DC}.Debug|x64.Build.0 = Debug|x64
		{78699C3E-2D4D-4AA8-AC13-231A0CD571DC}.Release(DLL)|Any CPU.ActiveCfg = Release(LIB)|x64
		{78699C3E-2D4D-4AA8-AC13-231A0CD571DC}.Release(DLL)|Any CPU.Build.0 = Release(LIB)|x64
		{78699C3E-2D4D-4AA8-AC13-231A0CD571DC}.Release(DLL)|Win32.ActiveCfg = Release|Win32
		{78699C3E-2D4D-4AA8-AC13-231A0CD571DC}.Release(DLL)|Win32.Build.0 = Release|Win32
		{78699C3E-2D4D-4AA8-AC13-231A0CD571DC}.Release(DLL)|x64.ActiveCfg = Release|x64
		{78699C3E-2D4D-4AA8-AC13-231A0CD571DC}.Release(DLL)|x64.Build.0 = Release|x64
		{78699C3E-2D4D-4AA8-AC13-231A0CD571DC}.Release(LIB)|Any CPU.ActiveCfg = Release(LIB)|Win32
		{78699C3E-2D4D-4AA8-AC13-231A0CD571DC}.Release(LIB)|Win32.ActiveCfg = Release(LIB)|Win32
		{78699C3E-2D4D-4AA8-AC13-231A0CD571DC}.Release(LIB)|Win32.Build.0 = Release(LIB)|Win32
		{78699C3E-2D4D-4AA8-AC13-231A0CD571DC}.Release(LIB)|x64.ActiveCfg = Release(LIB)|x64
		{78699C3E-2D4D-4AA8-AC13-231A0CD571DC}.Release(LIB)|x64.Build.0 = Release(LIB)|x64
		{78699C3E-2D4D-4AA8-AC13-231A0CD571DC}.Release|Any CPU.ActiveCfg = Release|Win32
		{78699C3E-2D4D-4AA8-AC13-231A0CD571DC}.Release|Win32.ActiveCfg = Release(LIB)|Win32
		{78699C3E-2D4D-4AA8-AC13-231A0CD571DC}.Release|Win32.Build.0 = Release(LIB)|Win32
		{78699C3E-2D4D-4AA8-AC13-231A0CD571DC}.Release|x64.ActiveCfg = Release|x64
		{78699C3E-2D4D-4AA8-AC13-231A0CD571DC}.Release|x64.Build.0 = Release|x64
		{53568B35-90CC-4327-BE29-516FBD0C3652}.Debug(DLL)|Any CPU.ActiveCfg = Debug|Any CPU
		{53568B35-90CC-4327-BE29-516FBD0C3652}.Debug(DLL)|Any CPU.Build.0 = Debug|Any CPU
		{53568B35-90CC-4327-BE29-516FBD0C3652}.Debug(DLL)|Win32.ActiveCfg = Debug|Any CPU
		{53568B35-90CC-4327-BE29-516FBD0C3652}.Debug(DLL)|Win32.Build.0 = Debug|Any CPU
		{53568B35-90CC-4327-BE29-516FBD0C3652}.Debug(DLL)|x64.ActiveCfg = Debug|Any CPU
		{53568B35-90CC-4327-BE29-516FBD0C3652}.Debug(DLL)|x64.Build.0 = Debug|Any CPU
		{53568B35-90CC-4327-BE29-516FBD0C3652}.Debug(LIB)|Any CPU.ActiveCfg = Debug|Any CPU
		{53568B35-90CC-4327-BE29-516FBD0C3652}.Debug(LIB)|Any CPU.Build.0 = Debug|Any CPU
		{53568B35-90CC-4327-BE29-516FBD0C3652}.Debug(LIB)|Win32.ActiveCfg = Debug|Any CPU
		{53568B35-90CC-4327-BE29-516FBD0C3652}.Debug(LIB)|Win32.Build.0 = Debug|Any CPU
		{53568B35-90CC-4327-BE29-516FBD0C3652}.Debug(LIB)|x64.ActiveCfg = Debug|Any CPU
		{53568B35-90CC-4327-BE29-516FBD0C3652}.Debug(LIB)|x64.Build.0 = Debug|Any CPU
		{53568B35-90CC-4327-BE29-516FBD0C3652}.Debug|Any CPU.ActiveCfg = Debug|Any CPU
		{53568B35-90CC-4327-BE29-516FBD0C3652}.Debug|Any CPU.Build.0 = Debug|Any CPU
		{53568B35-90CC-4327-BE29-516FBD0C3652}.Debug|Win32.ActiveCfg = Debug|Any CPU
		{53568B35-90CC-4327-BE29-516FBD0C3652}.Debug|Win32.Build.0 = Debug|Any CPU
		{53568B35-90CC-4327-BE29-516FBD0C3652}.Debug|x64.ActiveCfg = Debug|Any CPU
		{53568B35-90CC-4327-BE29-516FBD0C3652}.Debug|x64.Build.0 = Debug|Any CPU
		{53568B35-90CC-4327-BE29-516FBD0C3652}.Release(DLL)|Any CPU.ActiveCfg = Debug|Any CPU
		{53568B35-90CC-4327-BE29-516FBD0C3652}.Release(DLL)|Any CPU.Build.0 = Debug|Any CPU
		{53568B35-90CC-4327-BE29-516FBD0C3652}.Release(DLL)|Win32.ActiveCfg = Debug|Any CPU
		{53568B35-90CC-4327-BE29-516FBD0C3652}.Release(DLL)|Win32.Build.0 = Debug|Any CPU
		{53568B35-90CC-4327-BE29-516FBD0C3652}.Release(DLL)|x64.ActiveCfg = Debug|Any CPU
		{53568B35-90CC-4327-BE29-516FBD0C3652}.Release(DLL)|x64.Build.0 = Debug|Any CPU
		{53568B35-90CC-4327-BE29-516FBD0C3652}.Release(LIB)|Any CPU.ActiveCfg = Debug|Any CPU
		{53568B35-90CC-4327-BE29-516FBD0C3652}.Release(LIB)|Any CPU.Build.0 = Debug|Any CPU
		{53568B35-90CC-4327-BE29-516FBD0C3652}.Release(LIB)|Win32.ActiveCfg = Debug|Any CPU
		{53568B35-90CC-4327-BE29-516FBD0C3652}.Release(LIB)|Win32.Build.0 = Debug|Any CPU
		{53568B35-90CC-4327-BE29-516FBD0C3652}.Release(LIB)|x64.ActiveCfg = Debug|Any CPU
		{53568B35-90CC-4327-BE29-516FBD0C3652}.Release(LIB)|x64.Build.0 = Debug|Any CPU
		{53568B35-90CC-4327-BE29-516FBD0C3652}.Release|Any CPU.ActiveCfg = Debug|Any CPU
		{53568B35-90CC-4327-BE29-516FBD0C3652}.Release|Any CPU.Build.0 = Debug|Any CPU
		{53568B35-90CC-4327-BE29-516FBD0C3652}.Release|Win32.ActiveCfg = Debug|Any CPU
		{53568B35-90CC-4327-BE29-516FBD0C3652}.Release|Win32.Build.0 = Debug|Any CPU
		{53568B35-90CC-4327-BE29-516FBD0C3652}.Release|x64.ActiveCfg = Debug|Any CPU
		{53568B35-90CC-4327-BE29-516FBD0C3652}.Release|x64.Build.0 = Debug|Any CPU
		{C76173B5-6E33-44A9-A0E1-69D587B2A8C5}.Debug(DLL)|Any CPU.ActiveCfg = Release|x64
		{C76173B5-6E33-44A9-A0E1-69D587B2A8C5}.Debug(DLL)|Any CPU.Build.0 = Release|x64
		{C76173B5-6E33-44A9-A0E1-69D587B2A8C5}.Debug(DLL)|Win32.ActiveCfg = Debug|Win32
		{C76173B5-6E33-44A9-A0E1-69D587B2A8C5}.Debug(DLL)|Win32.Build.0 = Debug|Win32
		{C76173B5-6E33-44A9-A0E1-69D587B2A8C5}.Debug(DLL)|x64.ActiveCfg = Debug|x64
		{C76173B5-6E33-44A9-A0E1-69D587B2A8C5}.Debug(DLL)|x64.Build.0 = Debug|x64
		{C76173B5-6E33-44A9-A0E1-69D587B2A8C5}.Debug(LIB)|Any CPU.ActiveCfg = Release|x64
		{C76173B5-6E33-44A9-A0E1-69D587B2A8C5}.Debug(LIB)|Any CPU.Build.0 = Release|x64
		{C76173B5-6E33-44A9-A0E1-69D587B2A8C5}.Debug(LIB)|Win32.ActiveCfg = Debug|Win32
		{C76173B5-6E33-44A9-A0E1-69D587B2A8C5}.Debug(LIB)|Win32.Build.0 = Debug|Win32
		{C76173B5-6E33-44A9-A0E1-69D587B2A8C5}.Debug(LIB)|x64.ActiveCfg = Debug|x64
		{C76173B5-6E33-44A9-A0E1-69D587B2A8C5}.Debug(LIB)|x64.Build.0 = Debug|x64
		{C76173B5-6E33-44A9-A0E1-69D587B2A8C5}.Debug|Any CPU.ActiveCfg = Debug|Win32
		{C76173B5-6E33-44A9-A0E1-69D587B2A8C5}.Debug|Win32.ActiveCfg = Debug|Win32
		{C76173B5-6E33-44A9-A0E1-69D587B2A8C5}.Debug|Win32.Build.0 = Debug|Win32
		{C76173B5-6E33-44A9-A0E1-69D587B2A8C5}.Debug|x64.ActiveCfg = Debug|x64
		{C76173B5-6E33-44A9-A0E1-69D587B2A8C5}.Debug|x64.Build.0 = Debug|x64
		{C76173B5-6E33-44A9-A0E1-69D587B2A8C5}.Release(DLL)|Any CPU.ActiveCfg = Release|x64
		{C76173B5-6E33-44A9-A0E1-69D587B2A8C5}.Release(DLL)|Any CPU.Build.0 = Release|x64
		{C76173B5-6E33-44A9-A0E1-69D587B2A8C5}.Release(DLL)|Win32.ActiveCfg = Release|Win32
		{C76173B5-6E33-44A9-A0E1-69D587B2A8C5}.Release(DLL)|Win32.Build.0 = Release|Win32
		{C76173B5-6E33-44A9-A0E1-69D587B2A8C5}.Release(DLL)|x64.ActiveCfg = Release|x64
		{C76173B5-6E33-44A9-A0E1-69D587B2A8C5}.Release(DLL)|x64.Build.0 = Release|x64
		{C76173B5-6E33-44A9-A0E1-69D587B2A8C5}.Release(LIB)|Any CPU.ActiveCfg = Release|x64
		{C76173B5-6E33-44A9-A0E1-69D587B2A8C5}.Release(LIB)|Any CPU.Build.0 = Release|x64
		{C76173B5-6E33-44A9-A0E1-69D587B2A8C5}.Release(LIB)|Win32.ActiveCfg = Release|Win32
		{C76173B5-6E33-44A9-A0E1-69D587B2A8C5}.Release(LIB)|Win32.Build.0 = Release|Win32
		{C76173B5-6E33-44A9-A0E1-69D587B2A8C5}.Release(LIB)|x64.ActiveCfg = Release|x64
		{C76173B5-6E33-44A9-A0E1-69D587B2A8C5}.Release(LIB)|x64.Build.0 = Release|x64
		{C76173B5-6E33-44A9-A0E1-69D587B2A8C5}.Release|Any CPU.ActiveCfg = Release|Win32
		{C76173B5-6E33-44A9-A0E1-69D587B2A8C5}.Release|Win32.ActiveCfg = Release|Win32
		{C76173B5-6E33-44A9-A0E1-69D587B2A8C5}.Release|Win32.Build.0 = Release|Win32
		{C76173B5-6E33-44A9-A0E1-69D587B2A8C5}.Release|x64.ActiveCfg = Release|x64
		{C76173B5-6E33-44A9-A0E1-69D587B2A8C5}.Release|x64.Build.0 = Release|x64
	EndGlobalSection
	GlobalSection(SolutionProperties) = preSolution
		HideSolutionNode = FALSE
	EndGlobalSection
	GlobalSection(NestedProjects) = preSolution
		{EA51FB29-769B-47AA-93A5-885BC54B52BE} = {D80F898A-8F44-4E1C-8046-57F659076B71}
		{2B18FCCD-93D4-4436-B66F-AA2B5D8FDA38} = {F0D52ED2-4842-4A36-A1F0-16F5E6846C6E}
		{B8CAD77A-4EDB-4629-AC2E-F96A55EB320A} = {09F988D9-ACE2-49D4-82EF-0D739D059957}
		{793C5548-8AF6-4858-B639-0D28CE141DEC} = {F0D52ED2-4842-4A36-A1F0-16F5E6846C6E}
		{1359DA34-66CB-4FCF-BB0A-474970C93902} = {09F988D9-ACE2-49D4-82EF-0D739D059957}
		{BB010AF3-2902-4ABC-8B31-D9F5FE9F84F2} = {E856CDE5-99CF-427C-9F9B-6932A8EFA14E}
		{F80594F7-28FE-4D0B-968B-84B8C92F1303} = {D80F898A-8F44-4E1C-8046-57F659076B71}
		{B2D197D8-6D60-41C9-9857-3ACE53111483} = {57A03B55-CCF6-428D-9F8D-68DF7E1B7284}
		{B17C2ABC-D79D-4CFE-82F7-83EB5479C177} = {57A03B55-CCF6-428D-9F8D-68DF7E1B7284}
		{3F7588CF-123E-41A5-9A45-1B920ABE9D40} = {57A03B55-CCF6-428D-9F8D-68DF7E1B7284}
		{633D3DD4-9167-4878-AB03-0113283AC07B} = {D80F898A-8F44-4E1C-8046-57F659076B71}
		{C433557F-113C-4D21-B652-F6AF721C2101} = {381890D3-8C0E-45C1-80B2-A2770D5F0BEE}
		{78699C3E-2D4D-4AA8-AC13-231A0CD571DC} = {D80F898A-8F44-4E1C-8046-57F659076B71}
		{53568B35-90CC-4327-BE29-516FBD0C3652} = {130DA978-2389-48D9-8124-C31E6CE820E0}
		{C76173B5-6E33-44A9-A0E1-69D587B2A8C5} = {D80F898A-8F44-4E1C-8046-57F659076B71}
	EndGlobalSection
EndGlobal
