<?xml version="1.0" encoding="utf-8"?>
<Project ToolsVersion="4.0" xmlns="http://schemas.microsoft.com/developer/msbuild/2003">
  <ItemGroup>
    <ClCompile Include="DX11RenderResource.cpp">
      <Filter>MSDirect\DX11\DX11Render\Source</Filter>
    </ClCompile>
    <ClCompile Include="DXCamera.cpp">
      <Filter>MSDirect\DX11\DXHelper\Source</Filter>
    </ClCompile>
    <ClCompile Include="DXVector3.cpp">
      <Filter>MSDirect\DX11\DXHelper\Source</Filter>
    </ClCompile>
    <ClCompile Include="DXProjection.cpp">
      <Filter>MSDirect\DX11\DXHelper\Source</Filter>
    </ClCompile>
    <ClCompile Include="DXWorld.cpp">
      <Filter>MSDirect\DX11\DXHelper\Source</Filter>
    </ClCompile>
    <ClCompile Include="DX11Texture.cpp">
      <Filter>MSDirect\DX11\DX11Render\Source</Filter>
    </ClCompile>
    <ClCompile Include="Helper.cpp">
      <Filter>Helper</Filter>
    </ClCompile>
    <ClCompile Include="DX11FbxResource.cpp">
      <Filter>MSDirect\DX11\DX11FbxLoader\Source</Filter>
    </ClCompile>
    <ClCompile Include="FbxComputeDeformer.cpp">
      <Filter>MSDirect\DX11\DX11FbxLoader\Source</Filter>
    </ClCompile>
    <ClCompile Include="FbxMaterialCache.cpp">
      <Filter>MSDirect\DX11\DX11FbxLoader\Source</Filter>
    </ClCompile>
    <ClCompile Include="fbxProc.cpp">
      <Filter>MSDirect\DX11\DX11FbxLoader\Source</Filter>
    </ClCompile>
    <ClCompile Include="FbxVBO.cpp">
      <Filter>MSDirect\DX11\DX11FbxLoader\Source</Filter>
    </ClCompile>
    <ClCompile Include="DXVector2.cpp">
      <Filter>MSDirect\DX11\DXHelper\Source</Filter>
    </ClCompile>
    <ClCompile Include="DXDisplay.cpp">
      <Filter>MSDirect\DX11\DXHelper\Source</Filter>
    </ClCompile>
    <ClCompile Include="DX11TextureManager.cpp">
      <Filter>MSDirect\DX11\DX11Render\Source</Filter>
    </ClCompile>
    <ClCompile Include="DXMatrix.cpp">
      <Filter>MSDirect\DX11\DXHelper\Source</Filter>
    </ClCompile>
    <ClCompile Include="MSWindow.cpp">
      <Filter>MSDirect\System\Source</Filter>
    </ClCompile>
    <ClCompile Include="MSSceneBase.cpp">
      <Filter>MSDirect\System\Source</Filter>
    </ClCompile>
    <ClCompile Include="MSDirect.cpp">
      <Filter>MSDirect\System\Source</Filter>
    </ClCompile>
    <ClCompile Include="MSSprite2DRender.cpp">
      <Filter>MSDirect\DX11\Shader\Sprite\Base\Source</Filter>
    </ClCompile>
    <ClCompile Include="MSBase3DShader.cpp">
      <Filter>MSDirect\DX11\Shader\Base\Source</Filter>
    </ClCompile>
    <ClCompile Include="MSBaseShader.cpp">
      <Filter>MSDirect\DX11\Shader\Base\Source</Filter>
    </ClCompile>
    <ClCompile Include="MSBaseShaderResource.cpp">
      <Filter>MSDirect\DX11\Shader\Base\Source</Filter>
    </ClCompile>
    <ClCompile Include="MSPixelShader.cpp">
      <Filter>MSDirect\DX11\Shader\Base\Source</Filter>
    </ClCompile>
    <ClCompile Include="MSVertexShader.cpp">
      <Filter>MSDirect\DX11\Shader\Base\Source</Filter>
    </ClCompile>
    <ClCompile Include="MSSprite2DResource.cpp">
      <Filter>MSDirect\DX11\Shader\Sprite\Base\Source</Filter>
    </ClCompile>
    <ClCompile Include="MSFbxManager.cpp">
      <Filter>MSDirect\DX11\DX11Render\Source</Filter>
    </ClCompile>
    <ClCompile Include="MS3DRender.cpp">
      <Filter>MSDirect\DX11\DX11Render\Source</Filter>
    </ClCompile>
    <ClCompile Include="MyScene.cpp">
      <Filter>Game\Scene</Filter>
    </ClCompile>
    <ClCompile Include="My3DShader.cpp">
      <Filter>Game\Shader\3DShader\Source</Filter>
    </ClCompile>
    <ClCompile Include="MySprite2DShader.cpp">
      <Filter>Game\Shader\Sprite\Source</Filter>
    </ClCompile>
    <ClCompile Include="MSBase2DSpriteShader.cpp">
      <Filter>MSDirect\DX11\Shader\Sprite\Base\Source</Filter>
    </ClCompile>
    <ClCompile Include="MSKeyCodeList.cpp">
      <Filter>MSDirect\System\Source</Filter>
    </ClCompile>
    <ClCompile Include="example_Sprite2D.cpp">
      <Filter>Example</Filter>
    </ClCompile>
    <ClCompile Include="MSCollisionBase.cpp">
      <Filter>MSDirect\MSCollision\Source</Filter>
    </ClCompile>
    <ClCompile Include="MSCollisionSphere.cpp">
      <Filter>MSDirect\MSCollision\Source</Filter>
    </ClCompile>
    <ClCompile Include="MSCollisionRay.cpp">
      <Filter>MSDirect\MSCollision\Source</Filter>
    </ClCompile>
    <ClCompile Include="MSCollisionRayPicking.cpp">
      <Filter>MSDirect\MSCollision\Source</Filter>
    </ClCompile>
    <ClCompile Include="MSCullingFrustum.cpp">
      <Filter>MSDirect\MSCulling\Source</Filter>
    </ClCompile>
    <ClCompile Include="MSCullingOcclusion.cpp">
      <Filter>MSDirect\MSCulling\Source</Filter>
    </ClCompile>
    <ClCompile Include="AI\Dijkstra.cpp">
      <Filter>Game\AI</Filter>
    </ClCompile>
    <ClCompile Include="AI\EnemyAI.cpp">
      <Filter>Game\AI</Filter>
    </ClCompile>
    <ClCompile Include="NcgLua\NcgLuaBase.cxx">
      <Filter>NcgLua</Filter>
    </ClCompile>
    <ClCompile Include="NcgLua\NcgLuaDatabase.cpp">
      <Filter>NcgLua</Filter>
    </ClCompile>
    <ClCompile Include="NcgLua\NcgLuaHelper.cxx">
      <Filter>NcgLua</Filter>
    </ClCompile>
    <ClCompile Include="NcgLua\NcgLuaManager.cxx">
      <Filter>NcgLua</Filter>
    </ClCompile>
    <ClCompile Include="NcgLua\NcgUtility.cxx">
      <Filter>NcgLua</Filter>
    </ClCompile>
    <ClCompile Include="Enemy.cpp">
      <Filter>Game\Object\Source</Filter>
    </ClCompile>
    <ClCompile Include="Player.cpp">
      <Filter>Game\Object\Source</Filter>
    </ClCompile>
    <ClCompile Include="MSFbxObject.cpp">
      <Filter>MSDirect\DX11\DX11Render\Source</Filter>
    </ClCompile>
    <ClCompile Include="MSUtility.cpp">
      <Filter>MSDirect\MSUtility\Source</Filter>
    </ClCompile>
    <ClCompile Include="CharacterBase.cpp">
      <Filter>Game\Object\Source</Filter>
    </ClCompile>
    <ClCompile Include="MySprite3DShader.cpp">
      <Filter>Game\Shader\Sprite\Source</Filter>
    </ClCompile>
    <ClCompile Include="StaticObject.cpp">
      <Filter>Game\Object\Source</Filter>
    </ClCompile>
    <ClCompile Include="GameObjectBase.cpp">
      <Filter>Game\Object\Source</Filter>
    </ClCompile>
    <ClCompile Include="BulletObject.cpp">
      <Filter>Game\Object\Source</Filter>
    </ClCompile>
    <ClCompile Include="BulletNormal.cpp">
      <Filter>Game\Object\Source</Filter>
    </ClCompile>
    <ClCompile Include="StatusBase.cpp">
      <Filter>Game\Data</Filter>
    </ClCompile>
    <ClCompile Include="StatusEnemy.cpp">
      <Filter>Game\Data</Filter>
    </ClCompile>
    <ClCompile Include="StatusField.cpp">
      <Filter>Game\Data</Filter>
    </ClCompile>
    <ClCompile Include="StatusPlayer.cpp">
      <Filter>Game\Data</Filter>
    </ClCompile>
    <ClCompile Include="MSProgress\MSProgresData.cxx">
      <Filter>MSDirect\MSUtility\Source</Filter>
    </ClCompile>
  </ItemGroup>
  <ItemGroup>
    <ClInclude Include="DX11RenderResource.h">
      <Filter>MSDirect\DX11\DX11Render\Header</Filter>
    </ClInclude>
    <ClInclude Include="DXCamera.h">
      <Filter>MSDirect\DX11\DXHelper\Header</Filter>
    </ClInclude>
    <ClInclude Include="DXProjection.h">
      <Filter>MSDirect\DX11\DXHelper\Header</Filter>
    </ClInclude>
    <ClInclude Include="DXVector3.h">
      <Filter>MSDirect\DX11\DXHelper\Header</Filter>
    </ClInclude>
    <ClInclude Include="DXWorld.h">
      <Filter>MSDirect\DX11\DXHelper\Header</Filter>
    </ClInclude>
    <ClInclude Include="DX11Texture.h">
      <Filter>MSDirect\DX11\DX11Render\Header</Filter>
    </ClInclude>
    <ClInclude Include="Helper.h">
      <Filter>Helper</Filter>
    </ClInclude>
    <ClInclude Include="DX11FbxLoader.h">
      <Filter>MSDirect\DX11\DX11FbxLoader\Header</Filter>
    </ClInclude>
    <ClInclude Include="DX11FbxResource.h">
      <Filter>MSDirect\DX11\DX11FbxLoader\Header</Filter>
    </ClInclude>
    <ClInclude Include="FbxComputeDeformer.h">
      <Filter>MSDirect\DX11\DX11FbxLoader\Header</Filter>
    </ClInclude>
    <ClInclude Include="FbxMaterialCache.h">
      <Filter>MSDirect\DX11\DX11FbxLoader\Header</Filter>
    </ClInclude>
    <ClInclude Include="FbxVBO.h">
      <Filter>MSDirect\DX11\DX11FbxLoader\Header</Filter>
    </ClInclude>
    <ClInclude Include="DXDisplay.h">
      <Filter>MSDirect\DX11\DXHelper\Header</Filter>
    </ClInclude>
    <ClInclude Include="DX11Resrouce.h">
      <Filter>MSDirect\DX11\DX11Render\Header</Filter>
    </ClInclude>
    <ClInclude Include="DX11TextureManager.h">
      <Filter>MSDirect\DX11\DX11Render\Header</Filter>
    </ClInclude>
    <ClInclude Include="DXVector2.h">
      <Filter>MSDirect\DX11\DXHelper\Header</Filter>
    </ClInclude>
    <ClInclude Include="DXMatrix.h">
      <Filter>MSDirect\DX11\DXHelper\Header</Filter>
    </ClInclude>
    <ClInclude Include="MSWindow.h">
      <Filter>MSDirect\System\Header</Filter>
    </ClInclude>
    <ClInclude Include="MSSceneBase.h">
      <Filter>MSDirect\System\Header</Filter>
    </ClInclude>
    <ClInclude Include="MSDirect.h">
      <Filter>MSDirect\System\Header</Filter>
    </ClInclude>
    <ClInclude Include="MSSprite2DRender.h">
      <Filter>MSDirect\DX11\Shader\Sprite\Base\Header</Filter>
    </ClInclude>
    <ClInclude Include="MSBaseShaderResource.h">
      <Filter>MSDirect\DX11\Shader\Base\Header</Filter>
    </ClInclude>
    <ClInclude Include="MSVertexShader.h">
      <Filter>MSDirect\DX11\Shader\Base\Header</Filter>
    </ClInclude>
    <ClInclude Include="MSPixelShader.h">
      <Filter>MSDirect\DX11\Shader\Base\Header</Filter>
    </ClInclude>
    <ClInclude Include="MSBaseShader.h">
      <Filter>MSDirect\DX11\Shader\Base\Header</Filter>
    </ClInclude>
    <ClInclude Include="MSBase3DShader.h">
      <Filter>MSDirect\DX11\Shader\Base\Header</Filter>
    </ClInclude>
    <ClInclude Include="MSInclude.h">
      <Filter>MSDirect\System\Header</Filter>
    </ClInclude>
    <ClInclude Include="IncludeForward.h">
      <Filter>Game\Includes</Filter>
    </ClInclude>
    <ClInclude Include="IncludeInstance.h">
      <Filter>Game\Includes</Filter>
    </ClInclude>
    <ClInclude Include="MS3DRender.h">
      <Filter>MSDirect\DX11\DX11Render\Header</Filter>
    </ClInclude>
    <ClInclude Include="MSSprite2DResource.h">
      <Filter>MSDirect\DX11\Shader\Sprite\Base\Header</Filter>
    </ClInclude>
    <ClInclude Include="MSFbxManager.h">
      <Filter>MSDirect\DX11\DX11Render\Header</Filter>
    </ClInclude>
    <ClInclude Include="MyScene.h">
      <Filter>Game\Scene</Filter>
    </ClInclude>
    <ClInclude Include="My3DShader.h">
      <Filter>Game\Shader\3DShader\Header</Filter>
    </ClInclude>
    <ClInclude Include="MySprite2DShader.h">
      <Filter>Game\Shader\Sprite\Header</Filter>
    </ClInclude>
    <ClInclude Include="MSwrap.h">
      <Filter>MSDirect\System\Header</Filter>
    </ClInclude>
    <ClInclude Include="MSBase2DSpriteShader.h">
      <Filter>MSDirect\DX11\Shader\Sprite\Base\Header</Filter>
    </ClInclude>
    <ClInclude Include="MySprite3DShader.h">
      <Filter>Game\Shader\Sprite\Header</Filter>
    </ClInclude>
    <ClInclude Include="MSKeyCodeList.h">
      <Filter>MSDirect\System\Header</Filter>
    </ClInclude>
    <ClInclude Include="MSDebug.h">
      <Filter>MSDirect\System\Header</Filter>
    </ClInclude>
    <ClInclude Include="MSCollisionBase.h">
      <Filter>MSDirect\MSCollision\Header</Filter>
    </ClInclude>
    <ClInclude Include="MSCollisionRay.h">
      <Filter>MSDirect\MSCollision\Header</Filter>
    </ClInclude>
    <ClInclude Include="MSCollisionRayPicking.h">
      <Filter>MSDirect\MSCollision\Header</Filter>
    </ClInclude>
    <ClInclude Include="MSCollisionSphere.h">
      <Filter>MSDirect\MSCollision\Header</Filter>
    </ClInclude>
    <ClInclude Include="MSCullingFrustum.h">
      <Filter>MSDirect\MSCulling\Header</Filter>
    </ClInclude>
    <ClInclude Include="MSCullingOcclusion.h">
      <Filter>MSDirect\MSCulling\Header</Filter>
    </ClInclude>
    <ClInclude Include="MSUtility.h">
      <Filter>MSDirect\MSUtility\Header</Filter>
    </ClInclude>
    <ClInclude Include="AI\Dijkstra.h">
      <Filter>Game\AI</Filter>
    </ClInclude>
    <ClInclude Include="AI\EnemyAI.h">
      <Filter>Game\AI</Filter>
    </ClInclude>
    <ClInclude Include="MSFbxObject.h">
      <Filter>MSDirect\DX11\DX11Render\Header</Filter>
    </ClInclude>
    <ClInclude Include="NcgLua\NcgLua.hpp">
      <Filter>NcgLua</Filter>
    </ClInclude>
    <ClInclude Include="NcgLua\NcgLuaBase.hxx">
      <Filter>NcgLua</Filter>
    </ClInclude>
    <ClInclude Include="NcgLua\NcgLuaDatabase.h">
      <Filter>NcgLua</Filter>
    </ClInclude>
    <ClInclude Include="NcgLua\NcgLuaHelper.hxx">
      <Filter>NcgLua</Filter>
    </ClInclude>
    <ClInclude Include="NcgLua\NcgLuaManager.hxx">
      <Filter>NcgLua</Filter>
    </ClInclude>
    <ClInclude Include="NcgLua\NcgUtility.hxx">
      <Filter>NcgLua</Filter>
    </ClInclude>
    <ClInclude Include="BulletNormal.h">
      <Filter>Game\Object\Header</Filter>
    </ClInclude>
    <ClInclude Include="BulletObject.h">
      <Filter>Game\Object\Header</Filter>
    </ClInclude>
    <ClInclude Include="CharacterBase.h">
      <Filter>Game\Object\Header</Filter>
    </ClInclude>
    <ClInclude Include="Enemy.h">
      <Filter>Game\Object\Header</Filter>
    </ClInclude>
    <ClInclude Include="GameObjectBase.h">
      <Filter>Game\Object\Header</Filter>
    </ClInclude>
    <ClInclude Include="Player.h">
      <Filter>Game\Object\Header</Filter>
    </ClInclude>
    <ClInclude Include="StaticObject.h">
      <Filter>Game\Object\Header</Filter>
    </ClInclude>
    <ClInclude Include="StatusBase.h">
      <Filter>Game\Data</Filter>
    </ClInclude>
    <ClInclude Include="StatusEnemy.h">
      <Filter>Game\Data</Filter>
    </ClInclude>
    <ClInclude Include="StatusPlayer.h">
      <Filter>Game\Data</Filter>
    </ClInclude>
    <ClInclude Include="StatusStatic.h">
      <Filter>Game\Data</Filter>
    </ClInclude>
    <ClInclude Include="Ball.h">
      <Filter>Game\Object\Header</Filter>
    </ClInclude>
    <ClInclude Include="StatusField.h">
      <Filter>Game\Data</Filter>
    </ClInclude>
    <ClInclude Include="MSProgress\MSProgressData.hxx">
      <Filter>MSDirect\MSUtility\Header</Filter>
    </ClInclude>
  </ItemGroup>
  <ItemGroup>
    <None Include="hand_tex.fbx">
      <Filter>Resource</Filter>
    </None>
    <None Include="Simple.hlsl">
      <Filter>HLSL</Filter>
    </None>
    <None Include="Sprite2D.hlsl">
      <Filter>HLSL</Filter>
    </None>
    <None Include="Sample.cxx">
      <Filter>Reference</Filter>
    </None>
    <None Include="EnemyAI\htn_attack.lua">
      <Filter>Game\AI\HTN</Filter>
    </None>
  </ItemGroup>
  <ItemGroup>
    <Filter Include="HLSL">
      <UniqueIdentifier>{130b753a-1bb0-43cb-8f24-36bd7c93b8ad}</UniqueIdentifier>
    </Filter>
    <Filter Include="Resource">
      <UniqueIdentifier>{13ffb461-1f42-4b80-aa0a-2cdd3807b349}</UniqueIdentifier>
    </Filter>
    <Filter Include="Helper">
      <UniqueIdentifier>{f28ec3ca-4e06-46f9-989d-47c88f7869eb}</UniqueIdentifier>
    </Filter>
    <Filter Include="MSDirect">
      <UniqueIdentifier>{d1d43b4b-c034-4ce8-bb99-79bb41178784}</UniqueIdentifier>
    </Filter>
    <Filter Include="MSDirect\DX11">
      <UniqueIdentifier>{6c83f339-a51a-498d-80bd-1e9a054cedf2}</UniqueIdentifier>
    </Filter>
    <Filter Include="MSDirect\DX11\DXHelper">
      <UniqueIdentifier>{8ff38007-295f-4ff5-927e-7fa91685fcfe}</UniqueIdentifier>
    </Filter>
    <Filter Include="MSDirect\DX11\DXHelper\Header">
      <UniqueIdentifier>{3562b482-68e3-4118-93b3-7ee2d4460bb5}</UniqueIdentifier>
    </Filter>
    <Filter Include="MSDirect\DX11\DXHelper\Source">
      <UniqueIdentifier>{c30e4d31-2ba1-4657-bdbc-00000abb7f53}</UniqueIdentifier>
    </Filter>
    <Filter Include="MSDirect\DX11\DX11Render">
      <UniqueIdentifier>{525a8f17-1b67-45c5-b451-6a4b51158593}</UniqueIdentifier>
    </Filter>
    <Filter Include="MSDirect\DX11\DX11Render\Header">
      <UniqueIdentifier>{450593b3-d878-4ddb-8691-c3e49df7dc31}</UniqueIdentifier>
    </Filter>
    <Filter Include="MSDirect\DX11\DX11Render\Source">
      <UniqueIdentifier>{6f3242ee-6351-4d36-9ccb-94df8c450e32}</UniqueIdentifier>
    </Filter>
    <Filter Include="MSDirect\DX11\DX11FbxLoader">
      <UniqueIdentifier>{be0449cb-e4e1-42cd-b924-a8c644f2088d}</UniqueIdentifier>
    </Filter>
    <Filter Include="MSDirect\DX11\DX11FbxLoader\Header">
      <UniqueIdentifier>{3f1e32be-58a9-48cc-9a7a-10e14779329f}</UniqueIdentifier>
    </Filter>
    <Filter Include="MSDirect\DX11\DX11FbxLoader\Source">
      <UniqueIdentifier>{c6a0ef1d-11b8-4838-b70e-ea8f36c58063}</UniqueIdentifier>
    </Filter>
    <Filter Include="MSDirect\DX11\Shader">
      <UniqueIdentifier>{f8dab8cc-9d35-4943-9b68-210a648dc740}</UniqueIdentifier>
    </Filter>
    <Filter Include="MSDirect\System">
      <UniqueIdentifier>{a2bd5129-71a6-434e-864d-33a027547224}</UniqueIdentifier>
    </Filter>
    <Filter Include="MSDirect\System\Header">
      <UniqueIdentifier>{9988f607-b7ab-4d7f-a892-1687e3a7b74a}</UniqueIdentifier>
    </Filter>
    <Filter Include="MSDirect\System\Source">
      <UniqueIdentifier>{155ff998-0f1e-4bae-bd72-fed4a41a3707}</UniqueIdentifier>
    </Filter>
    <Filter Include="Game">
      <UniqueIdentifier>{935281dd-d56b-4051-9399-3f7dc73d0362}</UniqueIdentifier>
    </Filter>
    <Filter Include="MSDirect\DX11\Shader\Base">
      <UniqueIdentifier>{a7c4318b-6f7a-4c68-bbf0-bbb88be9f772}</UniqueIdentifier>
    </Filter>
    <Filter Include="MSDirect\DX11\Shader\Base\Header">
      <UniqueIdentifier>{5144595a-a23d-41f7-8bb3-1dc36824db80}</UniqueIdentifier>
    </Filter>
    <Filter Include="MSDirect\DX11\Shader\Base\Source">
      <UniqueIdentifier>{128e9588-84de-4a62-96c9-9759662e02d5}</UniqueIdentifier>
    </Filter>
    <Filter Include="Game\Scene">
      <UniqueIdentifier>{7f65409a-ac66-4061-81a5-d477400ca972}</UniqueIdentifier>
    </Filter>
    <Filter Include="Game\Includes">
      <UniqueIdentifier>{17d6cdba-1ef2-4a2f-b63e-6fd6e50dc594}</UniqueIdentifier>
    </Filter>
    <Filter Include="MSDirect\DX11\Shader\Sprite">
      <UniqueIdentifier>{4802fa5b-6c95-40de-8cd4-c697b8c03586}</UniqueIdentifier>
    </Filter>
    <Filter Include="MSDirect\DX11\Shader\Sprite\Base">
      <UniqueIdentifier>{ee8d15e6-f5da-4b6f-9549-6d9e39f32e12}</UniqueIdentifier>
    </Filter>
    <Filter Include="MSDirect\DX11\Shader\Sprite\Base\Source">
      <UniqueIdentifier>{51ace513-df14-47f8-b738-baceacc585f3}</UniqueIdentifier>
    </Filter>
    <Filter Include="MSDirect\DX11\Shader\Sprite\Base\Header">
      <UniqueIdentifier>{7f4ec03b-d480-4daa-bccf-4dd653cc718c}</UniqueIdentifier>
    </Filter>
    <Filter Include="Reference">
      <UniqueIdentifier>{4f9be697-853a-4bf3-b512-e2d8401adcb3}</UniqueIdentifier>
    </Filter>
    <Filter Include="Example">
      <UniqueIdentifier>{40206220-457a-4c77-8d78-778f7f6b32ef}</UniqueIdentifier>
    </Filter>
    <Filter Include="MSDirect\MSCollision">
      <UniqueIdentifier>{7cb5edf9-6f81-4371-971f-ec89c17ca374}</UniqueIdentifier>
    </Filter>
    <Filter Include="MSDirect\MSCollision\Header">
      <UniqueIdentifier>{020dd5a3-063c-441d-b4c7-e8033253f9e3}</UniqueIdentifier>
    </Filter>
    <Filter Include="MSDirect\MSCollision\Source">
      <UniqueIdentifier>{35aad3b1-8111-4a98-97d1-6d38c3295ab9}</UniqueIdentifier>
    </Filter>
    <Filter Include="MSDirect\MSCulling">
      <UniqueIdentifier>{5d565fe2-38eb-485d-a5c2-df1efc7c5d04}</UniqueIdentifier>
    </Filter>
    <Filter Include="MSDirect\MSCulling\Header">
      <UniqueIdentifier>{ec657a3f-27b7-43cd-8b51-f6984fc8c7b8}</UniqueIdentifier>
    </Filter>
    <Filter Include="MSDirect\MSCulling\Source">
      <UniqueIdentifier>{634ed22c-95d0-4a30-917f-30abe0be6368}</UniqueIdentifier>
    </Filter>
    <Filter Include="MSDirect\MSUtility">
      <UniqueIdentifier>{9c34703e-2736-4113-a406-8571bdb72114}</UniqueIdentifier>
    </Filter>
    <Filter Include="MSDirect\MSUtility\Header">
      <UniqueIdentifier>{7a708ea0-80ee-4881-9dcd-449fe5009c0e}</UniqueIdentifier>
    </Filter>
    <Filter Include="MSDirect\MSUtility\Source">
      <UniqueIdentifier>{cce55552-4b6d-4cf1-90d2-84c5edf8e8a7}</UniqueIdentifier>
    </Filter>
    <Filter Include="Game\AI">
      <UniqueIdentifier>{f3c27f57-97ac-4159-bf26-c270809efff5}</UniqueIdentifier>
    </Filter>
    <Filter Include="Game\Object">
      <UniqueIdentifier>{89a6d1b5-bf01-49a2-bd80-ba238b0c8fd9}</UniqueIdentifier>
    </Filter>
    <Filter Include="NcgLua">
      <UniqueIdentifier>{82f15a6b-737d-4782-8d1f-ccd485d99f39}</UniqueIdentifier>
    </Filter>
    <Filter Include="Game\Object\Header">
      <UniqueIdentifier>{490de960-5c54-4197-bad4-cce2fd871eb9}</UniqueIdentifier>
    </Filter>
    <Filter Include="Game\Object\Source">
      <UniqueIdentifier>{c8c2dfe9-a2e2-4a3c-baeb-0a3efd4ca638}</UniqueIdentifier>
    </Filter>
    <Filter Include="Game\Shader">
      <UniqueIdentifier>{1cd2a9be-7e9b-4a56-bf67-c3da7b9b5a3b}</UniqueIdentifier>
    </Filter>
    <Filter Include="Game\Shader\Sprite">
      <UniqueIdentifier>{9e9b8fd2-6fe9-4b1c-af4e-502ecd478b7f}</UniqueIdentifier>
    </Filter>
    <Filter Include="Game\Shader\Sprite\Header">
      <UniqueIdentifier>{eb1fe246-fb45-431c-8bd7-64f1d86d442e}</UniqueIdentifier>
    </Filter>
    <Filter Include="Game\Shader\Sprite\Source">
      <UniqueIdentifier>{b688cf9b-7ae3-43c3-9dca-7849810737d0}</UniqueIdentifier>
    </Filter>
    <Filter Include="Game\Shader\3DShader">
      <UniqueIdentifier>{4509f21c-6adb-4257-baa9-83b6bb4d26bf}</UniqueIdentifier>
    </Filter>
    <Filter Include="Game\Shader\3DShader\Header">
      <UniqueIdentifier>{9f9c7065-aa1d-4496-a4b3-6324ab8021eb}</UniqueIdentifier>
    </Filter>
    <Filter Include="Game\Shader\3DShader\Source">
      <UniqueIdentifier>{c41423ad-bc56-4fb4-ab13-d67bb773225b}</UniqueIdentifier>
    </Filter>
    <Filter Include="Game\AI\HTN">
      <UniqueIdentifier>{373532b6-4ca9-4472-86dd-e76486ee96fc}</UniqueIdentifier>
    </Filter>
    <Filter Include="Game\Data">
      <UniqueIdentifier>{1eef93a3-3b05-4af9-9916-6ceb76b31d23}</UniqueIdentifier>
    </Filter>
    <Filter Include="Game\Data\Include">
      <UniqueIdentifier>{c2fc2222-b0ff-49f5-a292-f522432cfaf4}</UniqueIdentifier>
    </Filter>
  </ItemGroup>
  <ItemGroup>
    <Text Include="2DSprite.txt">
      <Filter>Reference</Filter>
    </Text>
    <Text Include="Task.txt">
      <Filter>Resource</Filter>
    </Text>
  </ItemGroup>
</Project>