<?xml version="1.0" encoding="utf-8"?>
<Project ToolsVersion="4.0" xmlns="http://schemas.microsoft.com/developer/msbuild/2003">
  <ItemGroup>
    <Filter Include="リソース ファイル">
      <UniqueIdentifier>{67DA6AB6-F800-4c08-8B7A-83BB121AAD01}</UniqueIdentifier>
      <Extensions>rc;ico;cur;bmp;dlg;rc2;rct;bin;rgs;gif;jpg;jpeg;jpe;resx;tiff;tif;png;wav;mfcribbon-ms</Extensions>
    </Filter>
    <Filter Include="Source">
      <UniqueIdentifier>{4FC737F1-C7A5-4376-A066-2A32D752A2FF}</UniqueIdentifier>
      <Extensions>cpp;c;cc;cxx;def;odl;idl;hpj;bat;asm;asmx</Extensions>
    </Filter>
    <Filter Include="Header">
      <UniqueIdentifier>{93995380-89BD-4b04-88EB-625FBE52EBFB}</UniqueIdentifier>
      <Extensions>h;hh;hpp;hxx;hm;inl;inc;xsd</Extensions>
    </Filter>
  </ItemGroup>
  <ItemGroup>
    <Text Include="ReadMe.txt" />
  </ItemGroup>
  <ItemGroup>
    <ClCompile Include="Source\DXCamera.cpp">
      <Filter>Source</Filter>
    </ClCompile>
    <ClCompile Include="Source\DXDisplay.cpp">
      <Filter>Source</Filter>
    </ClCompile>
    <ClCompile Include="Source\DXMatrix.cpp">
      <Filter>Source</Filter>
    </ClCompile>
    <ClCompile Include="Source\DXProjection.cpp">
      <Filter>Source</Filter>
    </ClCompile>
    <ClCompile Include="Source\DXVector2.cpp">
      <Filter>Source</Filter>
    </ClCompile>
    <ClCompile Include="Source\DXWorld.cpp">
      <Filter>Source</Filter>
    </ClCompile>
    <ClCompile Include="Source\DXVector3.cpp">
      <Filter>Source</Filter>
    </ClCompile>
  </ItemGroup>
  <ItemGroup>
    <ClInclude Include="Include\DXCamera.h">
      <Filter>Header</Filter>
    </ClInclude>
    <ClInclude Include="Include\DXDisplay.h">
      <Filter>Header</Filter>
    </ClInclude>
    <ClInclude Include="Include\DXMatrix.h">
      <Filter>Header</Filter>
    </ClInclude>
    <ClInclude Include="Include\DXProjection.h">
      <Filter>Header</Filter>
    </ClInclude>
    <ClInclude Include="Include\DXVector2.h">
      <Filter>Header</Filter>
    </ClInclude>
    <ClInclude Include="Include\DXVector3.h">
      <Filter>Header</Filter>
    </ClInclude>
    <ClInclude Include="Include\DXWorld.h">
      <Filter>Header</Filter>
    </ClInclude>
    <ClInclude Include="Include\DXMath.hpp">
      <Filter>Header</Filter>
    </ClInclude>
    <ClInclude Include="Include\DXMath.hh">
      <Filter>Header</Filter>
    </ClInclude>
  </ItemGroup>
  <ItemGroup>
    <None Include="Include\DXVector3.inl">
      <Filter>Header</Filter>
    </None>
    <None Include="Include\DXVector2.inl">
      <Filter>Header</Filter>
    </None>
  </ItemGroup>
</Project>