<?xml version="1.0" encoding="utf-8"?>
<Project ToolsVersion="4.0" xmlns="http://schemas.microsoft.com/developer/msbuild/2003">
  <ItemGroup>
    <Filter Include="リソース ファイル">
      <UniqueIdentifier>{67DA6AB6-F800-4c08-8B7A-83BB121AAD01}</UniqueIdentifier>
      <Extensions>rc;ico;cur;bmp;dlg;rc2;rct;bin;rgs;gif;jpg;jpeg;jpe;resx;tiff;tif;png;wav;mfcribbon-ms</Extensions>
    </Filter>
    <Filter Include="Header">
      <UniqueIdentifier>{4FC737F1-C7A5-4376-A066-2A32D752A2FF}</UniqueIdentifier>
      <Extensions>cpp;c;cc;cxx;def;odl;idl;hpj;bat;asm;asmx</Extensions>
    </Filter>
    <Filter Include="Source">
      <UniqueIdentifier>{93995380-89BD-4b04-88EB-625FBE52EBFB}</UniqueIdentifier>
      <Extensions>h;hh;hpp;hxx;hm;inl;inc;xsd</Extensions>
    </Filter>
  </ItemGroup>
  <ItemGroup>
    <Text Include="ReadMe.txt" />
  </ItemGroup>
  <ItemGroup>
    <ClInclude Include="Include\DX11FBXLoader.hpp">
      <Filter>Header</Filter>
    </ClInclude>
    <ClInclude Include="Include\DX11FbxLoader\DX11FbxLoader.h">
      <Filter>Header</Filter>
    </ClInclude>
    <ClInclude Include="Include\DX11FbxLoader\DX11FbxResource.h">
      <Filter>Header</Filter>
    </ClInclude>
    <ClInclude Include="Include\DX11FbxLoader\FbxComputeDeformer.h">
      <Filter>Header</Filter>
    </ClInclude>
    <ClInclude Include="Include\DX11FbxLoader\FbxMaterialCache.h">
      <Filter>Header</Filter>
    </ClInclude>
    <ClInclude Include="Include\DX11FbxLoader\FbxVBO.h">
      <Filter>Header</Filter>
    </ClInclude>
  </ItemGroup>
  <ItemGroup>
    <ClCompile Include="Source\DX11FbxResource.cpp">
      <Filter>Source</Filter>
    </ClCompile>
    <ClCompile Include="Source\FbxComputeDeformer.cpp">
      <Filter>Source</Filter>
    </ClCompile>
    <ClCompile Include="Source\FbxMaterialCache.cpp">
      <Filter>Source</Filter>
    </ClCompile>
    <ClCompile Include="Source\fbxProc.cpp">
      <Filter>Source</Filter>
    </ClCompile>
    <ClCompile Include="Source\FbxVBO.cpp">
      <Filter>Source</Filter>
    </ClCompile>
  </ItemGroup>
</Project>